
Microsoft Visual Studio Solution File, Format Version 12.00
# Visual Studio 15
VisualStudioVersion = 15.0.28010.2003
MinimumVisualStudioVersion = 10.0.40219.1
Project("{FAE04EC0-301F-11D3-BF4B-00C04F79EFBC}") = "BudgetBadger.UWP", "BudgetBadger.UWP\BudgetBadger.UWP.csproj", "{F2F217F0-C451-40E9-8E21-643CBAE736B6}"
EndProject
Project("{FAE04EC0-301F-11D3-BF4B-00C04F79EFBC}") = "BudgetBadger.iOS", "BudgetBadger.iOS\BudgetBadger.iOS.csproj", "{FF648A12-E24C-49BD-AC35-8D1ABDC327C4}"
EndProject
Project("{9A19103F-16F7-4668-BE54-9A1E7A4F7556}") = "BudgetBadger.Forms", "BudgetBadger.Forms\BudgetBadger.Forms.csproj", "{2E1C0AD0-6133-4482-8C1B-C99FF46D4BDA}"
EndProject
Project("{FAE04EC0-301F-11D3-BF4B-00C04F79EFBC}") = "BudgetBadger.Android", "BudgetBadger.Android\BudgetBadger.Android.csproj", "{C28CE6CA-7E7A-44FB-BCE8-B86BF8C08A5D}"
EndProject
Project("{9A19103F-16F7-4668-BE54-9A1E7A4F7556}") = "BudgetBadger.Models", "BudgetBadger.Models\BudgetBadger.Models.csproj", "{685BDEEC-970C-4EBD-A723-F316912D0594}"
EndProject
Project("{9A19103F-16F7-4668-BE54-9A1E7A4F7556}") = "BudgetBadger.Core", "BudgetBadger.Core\BudgetBadger.Core.csproj", "{33C66195-8BAC-4B2E-9DFE-D73B42F99FFA}"
EndProject
Project("{9A19103F-16F7-4668-BE54-9A1E7A4F7556}") = "BudgetBadger.DataAccess.Sqlite", "BudgetBadger.DataAccess.Sqlite\BudgetBadger.DataAccess.Sqlite.csproj", "{459C84A1-DF60-406F-9CCB-E5E62E337829}"
EndProject
Project("{9A19103F-16F7-4668-BE54-9A1E7A4F7556}") = "BudgetBadger.FileSyncProvider.Dropbox", "BudgetBadger.FileSyncProvider.Dropbox\BudgetBadger.FileSyncProvider.Dropbox.csproj", "{9427CB6A-E738-418B-8BC2-87959C4B6C4D}"
EndProject
Project("{9A19103F-16F7-4668-BE54-9A1E7A4F7556}") = "BudgetBadger.Logic", "BudgetBadger.Logic\BudgetBadger.Logic.csproj", "{983F3769-B3A2-4B20-B8F5-045007680CCD}"
EndProject
Project("{FAE04EC0-301F-11D3-BF4B-00C04F79EFBC}") = "BudgetBadger.macOS", "BudgetBadger.macOS\BudgetBadger.macOS.csproj", "{64193ED8-32BA-4391-8C1A-1C33E31B70AB}"
EndProject
Project("{FAE04EC0-301F-11D3-BF4B-00C04F79EFBC}") = "BudgetBadger.Language", "BudgetBadger.Language\BudgetBadger.Language.csproj", "{8953A040-7B7D-47AC-B008-6FC39F94D41F}"
EndProject
Global
	GlobalSection(SolutionConfigurationPlatforms) = preSolution
		Ad-Hoc|Any CPU = Ad-Hoc|Any CPU
		Ad-Hoc|ARM = Ad-Hoc|ARM
		Ad-Hoc|iPhone = Ad-Hoc|iPhone
		Ad-Hoc|iPhoneSimulator = Ad-Hoc|iPhoneSimulator
		Ad-Hoc|x64 = Ad-Hoc|x64
		Ad-Hoc|x86 = Ad-Hoc|x86
		AppStore|Any CPU = AppStore|Any CPU
		AppStore|ARM = AppStore|ARM
		AppStore|iPhone = AppStore|iPhone
		AppStore|iPhoneSimulator = AppStore|iPhoneSimulator
		AppStore|x64 = AppStore|x64
		AppStore|x86 = AppStore|x86
		Debug|Any CPU = Debug|Any CPU
		Debug|ARM = Debug|ARM
		Debug|iPhone = Debug|iPhone
		Debug|iPhoneSimulator = Debug|iPhoneSimulator
		Debug|x64 = Debug|x64
		Debug|x86 = Debug|x86
		ProRelease|Any CPU = ProRelease|Any CPU
		ProRelease|ARM = ProRelease|ARM
		ProRelease|iPhone = ProRelease|iPhone
		ProRelease|iPhoneSimulator = ProRelease|iPhoneSimulator
		ProRelease|x64 = ProRelease|x64
		ProRelease|x86 = ProRelease|x86
		Release Pro|Any CPU = Release Pro|Any CPU
		Release Pro|ARM = Release Pro|ARM
		Release Pro|iPhone = Release Pro|iPhone
		Release Pro|iPhoneSimulator = Release Pro|iPhoneSimulator
		Release Pro|x64 = Release Pro|x64
		Release Pro|x86 = Release Pro|x86
		Release|Any CPU = Release|Any CPU
		Release|ARM = Release|ARM
		Release|iPhone = Release|iPhone
		Release|iPhoneSimulator = Release|iPhoneSimulator
		Release|x64 = Release|x64
		Release|x86 = Release|x86
	EndGlobalSection
	GlobalSection(ProjectConfigurationPlatforms) = postSolution
		{F2F217F0-C451-40E9-8E21-643CBAE736B6}.Debug|Any CPU.ActiveCfg = Debug|x86
		{F2F217F0-C451-40E9-8E21-643CBAE736B6}.Debug|Any CPU.Build.0 = Debug|x86
		{F2F217F0-C451-40E9-8E21-643CBAE736B6}.Debug|Any CPU.Deploy.0 = Debug|x86
		{F2F217F0-C451-40E9-8E21-643CBAE736B6}.Debug|ARM.ActiveCfg = Debug|ARM
		{F2F217F0-C451-40E9-8E21-643CBAE736B6}.Debug|ARM.Build.0 = Debug|ARM
		{F2F217F0-C451-40E9-8E21-643CBAE736B6}.Debug|ARM.Deploy.0 = Debug|ARM
		{F2F217F0-C451-40E9-8E21-643CBAE736B6}.Debug|iPhone.ActiveCfg = Debug|x86
		{F2F217F0-C451-40E9-8E21-643CBAE736B6}.Debug|iPhoneSimulator.ActiveCfg = Debug|x86
		{F2F217F0-C451-40E9-8E21-643CBAE736B6}.Debug|x64.ActiveCfg = Debug|x64
		{F2F217F0-C451-40E9-8E21-643CBAE736B6}.Debug|x64.Build.0 = Debug|x64
		{F2F217F0-C451-40E9-8E21-643CBAE736B6}.Debug|x64.Deploy.0 = Debug|x64
		{F2F217F0-C451-40E9-8E21-643CBAE736B6}.Debug|x86.ActiveCfg = Debug|x86
		{F2F217F0-C451-40E9-8E21-643CBAE736B6}.Debug|x86.Build.0 = Debug|x86
		{F2F217F0-C451-40E9-8E21-643CBAE736B6}.Debug|x86.Deploy.0 = Debug|x86
		{F2F217F0-C451-40E9-8E21-643CBAE736B6}.ProRelease|Any CPU.ActiveCfg = Release|x86
		{F2F217F0-C451-40E9-8E21-643CBAE736B6}.ProRelease|Any CPU.Build.0 = Release|x86
		{F2F217F0-C451-40E9-8E21-643CBAE736B6}.ProRelease|Any CPU.Deploy.0 = Release|x86
		{F2F217F0-C451-40E9-8E21-643CBAE736B6}.ProRelease|ARM.ActiveCfg = Release|ARM
		{F2F217F0-C451-40E9-8E21-643CBAE736B6}.ProRelease|ARM.Build.0 = Release|ARM
		{F2F217F0-C451-40E9-8E21-643CBAE736B6}.ProRelease|ARM.Deploy.0 = Release|ARM
		{F2F217F0-C451-40E9-8E21-643CBAE736B6}.ProRelease|iPhone.ActiveCfg = Debug|x64
		{F2F217F0-C451-40E9-8E21-643CBAE736B6}.ProRelease|iPhone.Build.0 = Debug|x64
		{F2F217F0-C451-40E9-8E21-643CBAE736B6}.ProRelease|iPhone.Deploy.0 = Debug|x64
		{F2F217F0-C451-40E9-8E21-643CBAE736B6}.ProRelease|iPhoneSimulator.ActiveCfg = Debug|x64
		{F2F217F0-C451-40E9-8E21-643CBAE736B6}.ProRelease|iPhoneSimulator.Build.0 = Debug|x64
		{F2F217F0-C451-40E9-8E21-643CBAE736B6}.ProRelease|iPhoneSimulator.Deploy.0 = Debug|x64
		{F2F217F0-C451-40E9-8E21-643CBAE736B6}.ProRelease|x64.ActiveCfg = Release|x64
		{F2F217F0-C451-40E9-8E21-643CBAE736B6}.ProRelease|x64.Build.0 = Release|x64
		{F2F217F0-C451-40E9-8E21-643CBAE736B6}.ProRelease|x64.Deploy.0 = Release|x64
		{F2F217F0-C451-40E9-8E21-643CBAE736B6}.ProRelease|x86.ActiveCfg = Release|x86
		{F2F217F0-C451-40E9-8E21-643CBAE736B6}.ProRelease|x86.Build.0 = Release|x86
		{F2F217F0-C451-40E9-8E21-643CBAE736B6}.ProRelease|x86.Deploy.0 = Release|x86
		{F2F217F0-C451-40E9-8E21-643CBAE736B6}.Release|Any CPU.ActiveCfg = Release|x86
		{F2F217F0-C451-40E9-8E21-643CBAE736B6}.Release|Any CPU.Build.0 = Release|x86
		{F2F217F0-C451-40E9-8E21-643CBAE736B6}.Release|Any CPU.Deploy.0 = Release|x86
		{F2F217F0-C451-40E9-8E21-643CBAE736B6}.Release|ARM.ActiveCfg = Release|ARM
		{F2F217F0-C451-40E9-8E21-643CBAE736B6}.Release|ARM.Build.0 = Release|ARM
		{F2F217F0-C451-40E9-8E21-643CBAE736B6}.Release|ARM.Deploy.0 = Release|ARM
		{F2F217F0-C451-40E9-8E21-643CBAE736B6}.Release|iPhone.ActiveCfg = Release|x86
		{F2F217F0-C451-40E9-8E21-643CBAE736B6}.Release|iPhoneSimulator.ActiveCfg = Release|x86
		{F2F217F0-C451-40E9-8E21-643CBAE736B6}.Release|x64.ActiveCfg = Release|x64
		{F2F217F0-C451-40E9-8E21-643CBAE736B6}.Release|x64.Build.0 = Release|x64
		{F2F217F0-C451-40E9-8E21-643CBAE736B6}.Release|x64.Deploy.0 = Release|x64
		{F2F217F0-C451-40E9-8E21-643CBAE736B6}.Release|x86.ActiveCfg = Release|x86
		{F2F217F0-C451-40E9-8E21-643CBAE736B6}.Release|x86.Build.0 = Release|x86
		{F2F217F0-C451-40E9-8E21-643CBAE736B6}.Release|x86.Deploy.0 = Release|x86
		{FF648A12-E24C-49BD-AC35-8D1ABDC327C4}.Debug|Any CPU.ActiveCfg = Debug|iPhone
		{FF648A12-E24C-49BD-AC35-8D1ABDC327C4}.Debug|ARM.ActiveCfg = Debug|iPhone
		{FF648A12-E24C-49BD-AC35-8D1ABDC327C4}.Debug|iPhone.ActiveCfg = Debug|iPhone
		{FF648A12-E24C-49BD-AC35-8D1ABDC327C4}.Debug|iPhone.Build.0 = Debug|iPhone
		{FF648A12-E24C-49BD-AC35-8D1ABDC327C4}.Debug|iPhoneSimulator.ActiveCfg = Debug|iPhoneSimulator
		{FF648A12-E24C-49BD-AC35-8D1ABDC327C4}.Debug|iPhoneSimulator.Build.0 = Debug|iPhoneSimulator
		{FF648A12-E24C-49BD-AC35-8D1ABDC327C4}.Debug|x64.ActiveCfg = Debug|iPhone
		{FF648A12-E24C-49BD-AC35-8D1ABDC327C4}.Debug|x86.ActiveCfg = Debug|iPhone
		{FF648A12-E24C-49BD-AC35-8D1ABDC327C4}.ProRelease|Any CPU.ActiveCfg = Release|iPhone
		{FF648A12-E24C-49BD-AC35-8D1ABDC327C4}.ProRelease|ARM.ActiveCfg = Release|iPhoneSimulator
		{FF648A12-E24C-49BD-AC35-8D1ABDC327C4}.ProRelease|ARM.Build.0 = Release|iPhoneSimulator
		{FF648A12-E24C-49BD-AC35-8D1ABDC327C4}.ProRelease|iPhone.ActiveCfg = Release|iPhone
		{FF648A12-E24C-49BD-AC35-8D1ABDC327C4}.ProRelease|iPhone.Build.0 = Release|iPhone
		{FF648A12-E24C-49BD-AC35-8D1ABDC327C4}.ProRelease|iPhoneSimulator.ActiveCfg = Release|iPhoneSimulator
		{FF648A12-E24C-49BD-AC35-8D1ABDC327C4}.ProRelease|iPhoneSimulator.Build.0 = Release|iPhoneSimulator
		{FF648A12-E24C-49BD-AC35-8D1ABDC327C4}.ProRelease|x64.ActiveCfg = Release|iPhoneSimulator
		{FF648A12-E24C-49BD-AC35-8D1ABDC327C4}.ProRelease|x64.Build.0 = Release|iPhoneSimulator
		{FF648A12-E24C-49BD-AC35-8D1ABDC327C4}.ProRelease|x86.ActiveCfg = Release|iPhoneSimulator
		{FF648A12-E24C-49BD-AC35-8D1ABDC327C4}.ProRelease|x86.Build.0 = Release|iPhoneSimulator
		{FF648A12-E24C-49BD-AC35-8D1ABDC327C4}.Release|Any CPU.ActiveCfg = Release|iPhone
		{FF648A12-E24C-49BD-AC35-8D1ABDC327C4}.Release|ARM.ActiveCfg = Release|iPhone
		{FF648A12-E24C-49BD-AC35-8D1ABDC327C4}.Release|iPhone.ActiveCfg = Release|iPhone
		{FF648A12-E24C-49BD-AC35-8D1ABDC327C4}.Release|iPhone.Build.0 = Release|iPhone
		{FF648A12-E24C-49BD-AC35-8D1ABDC327C4}.Release|iPhoneSimulator.ActiveCfg = Release|iPhoneSimulator
		{FF648A12-E24C-49BD-AC35-8D1ABDC327C4}.Release|iPhoneSimulator.Build.0 = Release|iPhoneSimulator
		{FF648A12-E24C-49BD-AC35-8D1ABDC327C4}.Release|x64.ActiveCfg = Release|iPhone
		{FF648A12-E24C-49BD-AC35-8D1ABDC327C4}.Release|x86.ActiveCfg = Release|iPhone
		{2E1C0AD0-6133-4482-8C1B-C99FF46D4BDA}.Debug|Any CPU.ActiveCfg = Debug|Any CPU
		{2E1C0AD0-6133-4482-8C1B-C99FF46D4BDA}.Debug|Any CPU.Build.0 = Debug|Any CPU
		{2E1C0AD0-6133-4482-8C1B-C99FF46D4BDA}.Debug|ARM.ActiveCfg = Debug|Any CPU
		{2E1C0AD0-6133-4482-8C1B-C99FF46D4BDA}.Debug|ARM.Build.0 = Debug|Any CPU
		{2E1C0AD0-6133-4482-8C1B-C99FF46D4BDA}.Debug|iPhone.ActiveCfg = Debug|Any CPU
		{2E1C0AD0-6133-4482-8C1B-C99FF46D4BDA}.Debug|iPhone.Build.0 = Debug|Any CPU
		{2E1C0AD0-6133-4482-8C1B-C99FF46D4BDA}.Debug|iPhoneSimulator.ActiveCfg = Debug|Any CPU
		{2E1C0AD0-6133-4482-8C1B-C99FF46D4BDA}.Debug|iPhoneSimulator.Build.0 = Debug|Any CPU
		{2E1C0AD0-6133-4482-8C1B-C99FF46D4BDA}.Debug|x64.ActiveCfg = Debug|Any CPU
		{2E1C0AD0-6133-4482-8C1B-C99FF46D4BDA}.Debug|x64.Build.0 = Debug|Any CPU
		{2E1C0AD0-6133-4482-8C1B-C99FF46D4BDA}.Debug|x86.ActiveCfg = Debug|Any CPU
		{2E1C0AD0-6133-4482-8C1B-C99FF46D4BDA}.Debug|x86.Build.0 = Debug|Any CPU
		{2E1C0AD0-6133-4482-8C1B-C99FF46D4BDA}.ProRelease|Any CPU.ActiveCfg = ProRelease|Any CPU
		{2E1C0AD0-6133-4482-8C1B-C99FF46D4BDA}.ProRelease|Any CPU.Build.0 = ProRelease|Any CPU
		{2E1C0AD0-6133-4482-8C1B-C99FF46D4BDA}.ProRelease|ARM.ActiveCfg = Release|Any CPU
		{2E1C0AD0-6133-4482-8C1B-C99FF46D4BDA}.ProRelease|ARM.Build.0 = Release|Any CPU
		{2E1C0AD0-6133-4482-8C1B-C99FF46D4BDA}.ProRelease|iPhone.ActiveCfg = Release|Any CPU
		{2E1C0AD0-6133-4482-8C1B-C99FF46D4BDA}.ProRelease|iPhone.Build.0 = Release|Any CPU
		{2E1C0AD0-6133-4482-8C1B-C99FF46D4BDA}.ProRelease|iPhoneSimulator.ActiveCfg = Release|Any CPU
		{2E1C0AD0-6133-4482-8C1B-C99FF46D4BDA}.ProRelease|iPhoneSimulator.Build.0 = Release|Any CPU
		{2E1C0AD0-6133-4482-8C1B-C99FF46D4BDA}.ProRelease|x64.ActiveCfg = Release|Any CPU
		{2E1C0AD0-6133-4482-8C1B-C99FF46D4BDA}.ProRelease|x64.Build.0 = Release|Any CPU
		{2E1C0AD0-6133-4482-8C1B-C99FF46D4BDA}.ProRelease|x86.ActiveCfg = Release|Any CPU
		{2E1C0AD0-6133-4482-8C1B-C99FF46D4BDA}.ProRelease|x86.Build.0 = Release|Any CPU
		{2E1C0AD0-6133-4482-8C1B-C99FF46D4BDA}.Release|Any CPU.ActiveCfg = Release|Any CPU
		{2E1C0AD0-6133-4482-8C1B-C99FF46D4BDA}.Release|Any CPU.Build.0 = Release|Any CPU
		{2E1C0AD0-6133-4482-8C1B-C99FF46D4BDA}.Release|ARM.ActiveCfg = Release|Any CPU
		{2E1C0AD0-6133-4482-8C1B-C99FF46D4BDA}.Release|ARM.Build.0 = Release|Any CPU
		{2E1C0AD0-6133-4482-8C1B-C99FF46D4BDA}.Release|iPhone.ActiveCfg = Release|Any CPU
		{2E1C0AD0-6133-4482-8C1B-C99FF46D4BDA}.Release|iPhone.Build.0 = Release|Any CPU
		{2E1C0AD0-6133-4482-8C1B-C99FF46D4BDA}.Release|iPhoneSimulator.ActiveCfg = Release|Any CPU
		{2E1C0AD0-6133-4482-8C1B-C99FF46D4BDA}.Release|iPhoneSimulator.Build.0 = Release|Any CPU
		{2E1C0AD0-6133-4482-8C1B-C99FF46D4BDA}.Release|x64.ActiveCfg = Release|Any CPU
		{2E1C0AD0-6133-4482-8C1B-C99FF46D4BDA}.Release|x64.Build.0 = Release|Any CPU
		{2E1C0AD0-6133-4482-8C1B-C99FF46D4BDA}.Release|x86.ActiveCfg = Release|Any CPU
		{2E1C0AD0-6133-4482-8C1B-C99FF46D4BDA}.Release|x86.Build.0 = Release|Any CPU
		{C28CE6CA-7E7A-44FB-BCE8-B86BF8C08A5D}.Debug|Any CPU.ActiveCfg = Debug|Any CPU
		{C28CE6CA-7E7A-44FB-BCE8-B86BF8C08A5D}.Debug|Any CPU.Build.0 = Debug|Any CPU
		{C28CE6CA-7E7A-44FB-BCE8-B86BF8C08A5D}.Debug|Any CPU.Deploy.0 = Debug|Any CPU
		{C28CE6CA-7E7A-44FB-BCE8-B86BF8C08A5D}.Debug|ARM.ActiveCfg = Debug|Any CPU
		{C28CE6CA-7E7A-44FB-BCE8-B86BF8C08A5D}.Debug|ARM.Build.0 = Debug|Any CPU
		{C28CE6CA-7E7A-44FB-BCE8-B86BF8C08A5D}.Debug|ARM.Deploy.0 = Debug|Any CPU
		{C28CE6CA-7E7A-44FB-BCE8-B86BF8C08A5D}.Debug|iPhone.ActiveCfg = Debug|Any CPU
		{C28CE6CA-7E7A-44FB-BCE8-B86BF8C08A5D}.Debug|iPhone.Build.0 = Debug|Any CPU
		{C28CE6CA-7E7A-44FB-BCE8-B86BF8C08A5D}.Debug|iPhone.Deploy.0 = Debug|Any CPU
		{C28CE6CA-7E7A-44FB-BCE8-B86BF8C08A5D}.Debug|iPhoneSimulator.ActiveCfg = Debug|Any CPU
		{C28CE6CA-7E7A-44FB-BCE8-B86BF8C08A5D}.Debug|iPhoneSimulator.Build.0 = Debug|Any CPU
		{C28CE6CA-7E7A-44FB-BCE8-B86BF8C08A5D}.Debug|iPhoneSimulator.Deploy.0 = Debug|Any CPU
		{C28CE6CA-7E7A-44FB-BCE8-B86BF8C08A5D}.Debug|x64.ActiveCfg = Debug|Any CPU
		{C28CE6CA-7E7A-44FB-BCE8-B86BF8C08A5D}.Debug|x64.Build.0 = Debug|Any CPU
		{C28CE6CA-7E7A-44FB-BCE8-B86BF8C08A5D}.Debug|x64.Deploy.0 = Debug|Any CPU
		{C28CE6CA-7E7A-44FB-BCE8-B86BF8C08A5D}.Debug|x86.ActiveCfg = Debug|Any CPU
		{C28CE6CA-7E7A-44FB-BCE8-B86BF8C08A5D}.Debug|x86.Build.0 = Debug|Any CPU
		{C28CE6CA-7E7A-44FB-BCE8-B86BF8C08A5D}.Debug|x86.Deploy.0 = Debug|Any CPU
		{C28CE6CA-7E7A-44FB-BCE8-B86BF8C08A5D}.ProRelease|Any CPU.ActiveCfg = Release|Any CPU
		{C28CE6CA-7E7A-44FB-BCE8-B86BF8C08A5D}.ProRelease|Any CPU.Build.0 = Release|Any CPU
		{C28CE6CA-7E7A-44FB-BCE8-B86BF8C08A5D}.ProRelease|Any CPU.Deploy.0 = Release|Any CPU
		{C28CE6CA-7E7A-44FB-BCE8-B86BF8C08A5D}.ProRelease|ARM.ActiveCfg = Release|Any CPU
		{C28CE6CA-7E7A-44FB-BCE8-B86BF8C08A5D}.ProRelease|ARM.Build.0 = Release|Any CPU
		{C28CE6CA-7E7A-44FB-BCE8-B86BF8C08A5D}.ProRelease|ARM.Deploy.0 = Release|Any CPU
		{C28CE6CA-7E7A-44FB-BCE8-B86BF8C08A5D}.ProRelease|iPhone.ActiveCfg = Release|Any CPU
		{C28CE6CA-7E7A-44FB-BCE8-B86BF8C08A5D}.ProRelease|iPhone.Build.0 = Release|Any CPU
		{C28CE6CA-7E7A-44FB-BCE8-B86BF8C08A5D}.ProRelease|iPhone.Deploy.0 = Release|Any CPU
		{C28CE6CA-7E7A-44FB-BCE8-B86BF8C08A5D}.ProRelease|iPhoneSimulator.ActiveCfg = Release|Any CPU
		{C28CE6CA-7E7A-44FB-BCE8-B86BF8C08A5D}.ProRelease|iPhoneSimulator.Build.0 = Release|Any CPU
		{C28CE6CA-7E7A-44FB-BCE8-B86BF8C08A5D}.ProRelease|iPhoneSimulator.Deploy.0 = Release|Any CPU
		{C28CE6CA-7E7A-44FB-BCE8-B86BF8C08A5D}.ProRelease|x64.ActiveCfg = Release|Any CPU
		{C28CE6CA-7E7A-44FB-BCE8-B86BF8C08A5D}.ProRelease|x64.Build.0 = Release|Any CPU
		{C28CE6CA-7E7A-44FB-BCE8-B86BF8C08A5D}.ProRelease|x64.Deploy.0 = Release|Any CPU
		{C28CE6CA-7E7A-44FB-BCE8-B86BF8C08A5D}.ProRelease|x86.ActiveCfg = Release|Any CPU
		{C28CE6CA-7E7A-44FB-BCE8-B86BF8C08A5D}.ProRelease|x86.Build.0 = Release|Any CPU
		{C28CE6CA-7E7A-44FB-BCE8-B86BF8C08A5D}.ProRelease|x86.Deploy.0 = Release|Any CPU
		{C28CE6CA-7E7A-44FB-BCE8-B86BF8C08A5D}.Release|Any CPU.ActiveCfg = Release|Any CPU
		{C28CE6CA-7E7A-44FB-BCE8-B86BF8C08A5D}.Release|Any CPU.Build.0 = Release|Any CPU
		{C28CE6CA-7E7A-44FB-BCE8-B86BF8C08A5D}.Release|Any CPU.Deploy.0 = Release|Any CPU
		{C28CE6CA-7E7A-44FB-BCE8-B86BF8C08A5D}.Release|ARM.ActiveCfg = Release|Any CPU
		{C28CE6CA-7E7A-44FB-BCE8-B86BF8C08A5D}.Release|ARM.Build.0 = Release|Any CPU
		{C28CE6CA-7E7A-44FB-BCE8-B86BF8C08A5D}.Release|ARM.Deploy.0 = Release|Any CPU
		{C28CE6CA-7E7A-44FB-BCE8-B86BF8C08A5D}.Release|iPhone.ActiveCfg = Release|Any CPU
		{C28CE6CA-7E7A-44FB-BCE8-B86BF8C08A5D}.Release|iPhone.Build.0 = Release|Any CPU
		{C28CE6CA-7E7A-44FB-BCE8-B86BF8C08A5D}.Release|iPhone.Deploy.0 = Release|Any CPU
		{C28CE6CA-7E7A-44FB-BCE8-B86BF8C08A5D}.Release|iPhoneSimulator.ActiveCfg = Release|Any CPU
		{C28CE6CA-7E7A-44FB-BCE8-B86BF8C08A5D}.Release|iPhoneSimulator.Build.0 = Release|Any CPU
		{C28CE6CA-7E7A-44FB-BCE8-B86BF8C08A5D}.Release|iPhoneSimulator.Deploy.0 = Release|Any CPU
		{C28CE6CA-7E7A-44FB-BCE8-B86BF8C08A5D}.Release|x64.ActiveCfg = Release|Any CPU
		{C28CE6CA-7E7A-44FB-BCE8-B86BF8C08A5D}.Release|x64.Build.0 = Release|Any CPU
		{C28CE6CA-7E7A-44FB-BCE8-B86BF8C08A5D}.Release|x64.Deploy.0 = Release|Any CPU
		{C28CE6CA-7E7A-44FB-BCE8-B86BF8C08A5D}.Release|x86.ActiveCfg = Release|Any CPU
		{C28CE6CA-7E7A-44FB-BCE8-B86BF8C08A5D}.Release|x86.Build.0 = Release|Any CPU
		{C28CE6CA-7E7A-44FB-BCE8-B86BF8C08A5D}.Release|x86.Deploy.0 = Release|Any CPU
		{685BDEEC-970C-4EBD-A723-F316912D0594}.Debug|Any CPU.ActiveCfg = Debug|Any CPU
		{685BDEEC-970C-4EBD-A723-F316912D0594}.Debug|Any CPU.Build.0 = Debug|Any CPU
		{685BDEEC-970C-4EBD-A723-F316912D0594}.Debug|ARM.ActiveCfg = Debug|Any CPU
		{685BDEEC-970C-4EBD-A723-F316912D0594}.Debug|ARM.Build.0 = Debug|Any CPU
		{685BDEEC-970C-4EBD-A723-F316912D0594}.Debug|iPhone.ActiveCfg = Debug|Any CPU
		{685BDEEC-970C-4EBD-A723-F316912D0594}.Debug|iPhone.Build.0 = Debug|Any CPU
		{685BDEEC-970C-4EBD-A723-F316912D0594}.Debug|iPhoneSimulator.ActiveCfg = Debug|Any CPU
		{685BDEEC-970C-4EBD-A723-F316912D0594}.Debug|iPhoneSimulator.Build.0 = Debug|Any CPU
		{685BDEEC-970C-4EBD-A723-F316912D0594}.Debug|x64.ActiveCfg = Debug|Any CPU
		{685BDEEC-970C-4EBD-A723-F316912D0594}.Debug|x64.Build.0 = Debug|Any CPU
		{685BDEEC-970C-4EBD-A723-F316912D0594}.Debug|x86.ActiveCfg = Debug|Any CPU
		{685BDEEC-970C-4EBD-A723-F316912D0594}.Debug|x86.Build.0 = Debug|Any CPU
		{685BDEEC-970C-4EBD-A723-F316912D0594}.ProRelease|Any CPU.ActiveCfg = Release|Any CPU
		{685BDEEC-970C-4EBD-A723-F316912D0594}.ProRelease|Any CPU.Build.0 = Release|Any CPU
		{685BDEEC-970C-4EBD-A723-F316912D0594}.ProRelease|ARM.ActiveCfg = Release|Any CPU
		{685BDEEC-970C-4EBD-A723-F316912D0594}.ProRelease|ARM.Build.0 = Release|Any CPU
		{685BDEEC-970C-4EBD-A723-F316912D0594}.ProRelease|iPhone.ActiveCfg = Release|Any CPU
		{685BDEEC-970C-4EBD-A723-F316912D0594}.ProRelease|iPhone.Build.0 = Release|Any CPU
		{685BDEEC-970C-4EBD-A723-F316912D0594}.ProRelease|iPhoneSimulator.ActiveCfg = Release|Any CPU
		{685BDEEC-970C-4EBD-A723-F316912D0594}.ProRelease|iPhoneSimulator.Build.0 = Release|Any CPU
		{685BDEEC-970C-4EBD-A723-F316912D0594}.ProRelease|x64.ActiveCfg = Release|Any CPU
		{685BDEEC-970C-4EBD-A723-F316912D0594}.ProRelease|x64.Build.0 = Release|Any CPU
		{685BDEEC-970C-4EBD-A723-F316912D0594}.ProRelease|x86.ActiveCfg = Release|Any CPU
		{685BDEEC-970C-4EBD-A723-F316912D0594}.ProRelease|x86.Build.0 = Release|Any CPU
		{685BDEEC-970C-4EBD-A723-F316912D0594}.Release|Any CPU.ActiveCfg = Release|Any CPU
		{685BDEEC-970C-4EBD-A723-F316912D0594}.Release|Any CPU.Build.0 = Release|Any CPU
		{685BDEEC-970C-4EBD-A723-F316912D0594}.Release|ARM.ActiveCfg = Release|Any CPU
		{685BDEEC-970C-4EBD-A723-F316912D0594}.Release|ARM.Build.0 = Release|Any CPU
		{685BDEEC-970C-4EBD-A723-F316912D0594}.Release|iPhone.ActiveCfg = Release|Any CPU
		{685BDEEC-970C-4EBD-A723-F316912D0594}.Release|iPhone.Build.0 = Release|Any CPU
		{685BDEEC-970C-4EBD-A723-F316912D0594}.Release|iPhoneSimulator.ActiveCfg = Release|Any CPU
		{685BDEEC-970C-4EBD-A723-F316912D0594}.Release|iPhoneSimulator.Build.0 = Release|Any CPU
		{685BDEEC-970C-4EBD-A723-F316912D0594}.Release|x64.ActiveCfg = Release|Any CPU
		{685BDEEC-970C-4EBD-A723-F316912D0594}.Release|x64.Build.0 = Release|Any CPU
		{685BDEEC-970C-4EBD-A723-F316912D0594}.Release|x86.ActiveCfg = Release|Any CPU
		{685BDEEC-970C-4EBD-A723-F316912D0594}.Release|x86.Build.0 = Release|Any CPU
		{33C66195-8BAC-4B2E-9DFE-D73B42F99FFA}.Debug|Any CPU.ActiveCfg = Debug|Any CPU
		{33C66195-8BAC-4B2E-9DFE-D73B42F99FFA}.Debug|Any CPU.Build.0 = Debug|Any CPU
		{33C66195-8BAC-4B2E-9DFE-D73B42F99FFA}.Debug|ARM.ActiveCfg = Debug|Any CPU
		{33C66195-8BAC-4B2E-9DFE-D73B42F99FFA}.Debug|ARM.Build.0 = Debug|Any CPU
		{33C66195-8BAC-4B2E-9DFE-D73B42F99FFA}.Debug|iPhone.ActiveCfg = Debug|Any CPU
		{33C66195-8BAC-4B2E-9DFE-D73B42F99FFA}.Debug|iPhone.Build.0 = Debug|Any CPU
		{33C66195-8BAC-4B2E-9DFE-D73B42F99FFA}.Debug|iPhoneSimulator.ActiveCfg = Debug|Any CPU
		{33C66195-8BAC-4B2E-9DFE-D73B42F99FFA}.Debug|iPhoneSimulator.Build.0 = Debug|Any CPU
		{33C66195-8BAC-4B2E-9DFE-D73B42F99FFA}.Debug|x64.ActiveCfg = Debug|Any CPU
		{33C66195-8BAC-4B2E-9DFE-D73B42F99FFA}.Debug|x64.Build.0 = Debug|Any CPU
		{33C66195-8BAC-4B2E-9DFE-D73B42F99FFA}.Debug|x86.ActiveCfg = Debug|Any CPU
		{33C66195-8BAC-4B2E-9DFE-D73B42F99FFA}.Debug|x86.Build.0 = Debug|Any CPU
		{33C66195-8BAC-4B2E-9DFE-D73B42F99FFA}.ProRelease|Any CPU.ActiveCfg = Release|Any CPU
		{33C66195-8BAC-4B2E-9DFE-D73B42F99FFA}.ProRelease|Any CPU.Build.0 = Release|Any CPU
		{33C66195-8BAC-4B2E-9DFE-D73B42F99FFA}.ProRelease|ARM.ActiveCfg = Release|Any CPU
		{33C66195-8BAC-4B2E-9DFE-D73B42F99FFA}.ProRelease|ARM.Build.0 = Release|Any CPU
		{33C66195-8BAC-4B2E-9DFE-D73B42F99FFA}.ProRelease|iPhone.ActiveCfg = Release|Any CPU
		{33C66195-8BAC-4B2E-9DFE-D73B42F99FFA}.ProRelease|iPhone.Build.0 = Release|Any CPU
		{33C66195-8BAC-4B2E-9DFE-D73B42F99FFA}.ProRelease|iPhoneSimulator.ActiveCfg = Release|Any CPU
		{33C66195-8BAC-4B2E-9DFE-D73B42F99FFA}.ProRelease|iPhoneSimulator.Build.0 = Release|Any CPU
		{33C66195-8BAC-4B2E-9DFE-D73B42F99FFA}.ProRelease|x64.ActiveCfg = Release|Any CPU
		{33C66195-8BAC-4B2E-9DFE-D73B42F99FFA}.ProRelease|x64.Build.0 = Release|Any CPU
		{33C66195-8BAC-4B2E-9DFE-D73B42F99FFA}.ProRelease|x86.ActiveCfg = Release|Any CPU
		{33C66195-8BAC-4B2E-9DFE-D73B42F99FFA}.ProRelease|x86.Build.0 = Release|Any CPU
		{33C66195-8BAC-4B2E-9DFE-D73B42F99FFA}.Release|Any CPU.ActiveCfg = Release|Any CPU
		{33C66195-8BAC-4B2E-9DFE-D73B42F99FFA}.Release|Any CPU.Build.0 = Release|Any CPU
		{33C66195-8BAC-4B2E-9DFE-D73B42F99FFA}.Release|ARM.ActiveCfg = Release|Any CPU
		{33C66195-8BAC-4B2E-9DFE-D73B42F99FFA}.Release|ARM.Build.0 = Release|Any CPU
		{33C66195-8BAC-4B2E-9DFE-D73B42F99FFA}.Release|iPhone.ActiveCfg = Release|Any CPU
		{33C66195-8BAC-4B2E-9DFE-D73B42F99FFA}.Release|iPhone.Build.0 = Release|Any CPU
		{33C66195-8BAC-4B2E-9DFE-D73B42F99FFA}.Release|iPhoneSimulator.ActiveCfg = Release|Any CPU
		{33C66195-8BAC-4B2E-9DFE-D73B42F99FFA}.Release|iPhoneSimulator.Build.0 = Release|Any CPU
		{33C66195-8BAC-4B2E-9DFE-D73B42F99FFA}.Release|x64.ActiveCfg = Release|Any CPU
		{33C66195-8BAC-4B2E-9DFE-D73B42F99FFA}.Release|x64.Build.0 = Release|Any CPU
		{33C66195-8BAC-4B2E-9DFE-D73B42F99FFA}.Release|x86.ActiveCfg = Release|Any CPU
		{33C66195-8BAC-4B2E-9DFE-D73B42F99FFA}.Release|x86.Build.0 = Release|Any CPU
		{459C84A1-DF60-406F-9CCB-E5E62E337829}.Debug|Any CPU.ActiveCfg = Debug|Any CPU
		{459C84A1-DF60-406F-9CCB-E5E62E337829}.Debug|Any CPU.Build.0 = Debug|Any CPU
		{459C84A1-DF60-406F-9CCB-E5E62E337829}.Debug|ARM.ActiveCfg = Debug|Any CPU
		{459C84A1-DF60-406F-9CCB-E5E62E337829}.Debug|ARM.Build.0 = Debug|Any CPU
		{459C84A1-DF60-406F-9CCB-E5E62E337829}.Debug|iPhone.ActiveCfg = Debug|Any CPU
		{459C84A1-DF60-406F-9CCB-E5E62E337829}.Debug|iPhone.Build.0 = Debug|Any CPU
		{459C84A1-DF60-406F-9CCB-E5E62E337829}.Debug|iPhoneSimulator.ActiveCfg = Debug|Any CPU
		{459C84A1-DF60-406F-9CCB-E5E62E337829}.Debug|iPhoneSimulator.Build.0 = Debug|Any CPU
		{459C84A1-DF60-406F-9CCB-E5E62E337829}.Debug|x64.ActiveCfg = Debug|Any CPU
		{459C84A1-DF60-406F-9CCB-E5E62E337829}.Debug|x64.Build.0 = Debug|Any CPU
		{459C84A1-DF60-406F-9CCB-E5E62E337829}.Debug|x86.ActiveCfg = Debug|Any CPU
		{459C84A1-DF60-406F-9CCB-E5E62E337829}.Debug|x86.Build.0 = Debug|Any CPU
		{459C84A1-DF60-406F-9CCB-E5E62E337829}.ProRelease|Any CPU.ActiveCfg = Release|Any CPU
		{459C84A1-DF60-406F-9CCB-E5E62E337829}.ProRelease|Any CPU.Build.0 = Release|Any CPU
		{459C84A1-DF60-406F-9CCB-E5E62E337829}.ProRelease|ARM.ActiveCfg = Release|Any CPU
		{459C84A1-DF60-406F-9CCB-E5E62E337829}.ProRelease|ARM.Build.0 = Release|Any CPU
		{459C84A1-DF60-406F-9CCB-E5E62E337829}.ProRelease|iPhone.ActiveCfg = Release|Any CPU
		{459C84A1-DF60-406F-9CCB-E5E62E337829}.ProRelease|iPhone.Build.0 = Release|Any CPU
		{459C84A1-DF60-406F-9CCB-E5E62E337829}.ProRelease|iPhoneSimulator.ActiveCfg = Release|Any CPU
		{459C84A1-DF60-406F-9CCB-E5E62E337829}.ProRelease|iPhoneSimulator.Build.0 = Release|Any CPU
		{459C84A1-DF60-406F-9CCB-E5E62E337829}.ProRelease|x64.ActiveCfg = Release|Any CPU
		{459C84A1-DF60-406F-9CCB-E5E62E337829}.ProRelease|x64.Build.0 = Release|Any CPU
		{459C84A1-DF60-406F-9CCB-E5E62E337829}.ProRelease|x86.ActiveCfg = Release|Any CPU
		{459C84A1-DF60-406F-9CCB-E5E62E337829}.ProRelease|x86.Build.0 = Release|Any CPU
		{459C84A1-DF60-406F-9CCB-E5E62E337829}.Release|Any CPU.ActiveCfg = Release|Any CPU
		{459C84A1-DF60-406F-9CCB-E5E62E337829}.Release|Any CPU.Build.0 = Release|Any CPU
		{459C84A1-DF60-406F-9CCB-E5E62E337829}.Release|ARM.ActiveCfg = Release|Any CPU
		{459C84A1-DF60-406F-9CCB-E5E62E337829}.Release|ARM.Build.0 = Release|Any CPU
		{459C84A1-DF60-406F-9CCB-E5E62E337829}.Release|iPhone.ActiveCfg = Release|Any CPU
		{459C84A1-DF60-406F-9CCB-E5E62E337829}.Release|iPhone.Build.0 = Release|Any CPU
		{459C84A1-DF60-406F-9CCB-E5E62E337829}.Release|iPhoneSimulator.ActiveCfg = Release|Any CPU
		{459C84A1-DF60-406F-9CCB-E5E62E337829}.Release|iPhoneSimulator.Build.0 = Release|Any CPU
		{459C84A1-DF60-406F-9CCB-E5E62E337829}.Release|x64.ActiveCfg = Release|Any CPU
		{459C84A1-DF60-406F-9CCB-E5E62E337829}.Release|x64.Build.0 = Release|Any CPU
		{459C84A1-DF60-406F-9CCB-E5E62E337829}.Release|x86.ActiveCfg = Release|Any CPU
		{459C84A1-DF60-406F-9CCB-E5E62E337829}.Release|x86.Build.0 = Release|Any CPU
		{9427CB6A-E738-418B-8BC2-87959C4B6C4D}.Debug|Any CPU.ActiveCfg = Debug|Any CPU
		{9427CB6A-E738-418B-8BC2-87959C4B6C4D}.Debug|Any CPU.Build.0 = Debug|Any CPU
		{9427CB6A-E738-418B-8BC2-87959C4B6C4D}.Debug|ARM.ActiveCfg = Debug|Any CPU
		{9427CB6A-E738-418B-8BC2-87959C4B6C4D}.Debug|ARM.Build.0 = Debug|Any CPU
		{9427CB6A-E738-418B-8BC2-87959C4B6C4D}.Debug|iPhone.ActiveCfg = Debug|Any CPU
		{9427CB6A-E738-418B-8BC2-87959C4B6C4D}.Debug|iPhone.Build.0 = Debug|Any CPU
		{9427CB6A-E738-418B-8BC2-87959C4B6C4D}.Debug|iPhoneSimulator.ActiveCfg = Debug|Any CPU
		{9427CB6A-E738-418B-8BC2-87959C4B6C4D}.Debug|iPhoneSimulator.Build.0 = Debug|Any CPU
		{9427CB6A-E738-418B-8BC2-87959C4B6C4D}.Debug|x64.ActiveCfg = Debug|Any CPU
		{9427CB6A-E738-418B-8BC2-87959C4B6C4D}.Debug|x64.Build.0 = Debug|Any CPU
		{9427CB6A-E738-418B-8BC2-87959C4B6C4D}.Debug|x86.ActiveCfg = Debug|Any CPU
		{9427CB6A-E738-418B-8BC2-87959C4B6C4D}.Debug|x86.Build.0 = Debug|Any CPU
		{9427CB6A-E738-418B-8BC2-87959C4B6C4D}.ProRelease|Any CPU.ActiveCfg = Release|Any CPU
		{9427CB6A-E738-418B-8BC2-87959C4B6C4D}.ProRelease|Any CPU.Build.0 = Release|Any CPU
		{9427CB6A-E738-418B-8BC2-87959C4B6C4D}.ProRelease|ARM.ActiveCfg = Release|Any CPU
		{9427CB6A-E738-418B-8BC2-87959C4B6C4D}.ProRelease|ARM.Build.0 = Release|Any CPU
		{9427CB6A-E738-418B-8BC2-87959C4B6C4D}.ProRelease|iPhone.ActiveCfg = Release|Any CPU
		{9427CB6A-E738-418B-8BC2-87959C4B6C4D}.ProRelease|iPhone.Build.0 = Release|Any CPU
		{9427CB6A-E738-418B-8BC2-87959C4B6C4D}.ProRelease|iPhoneSimulator.ActiveCfg = Release|Any CPU
		{9427CB6A-E738-418B-8BC2-87959C4B6C4D}.ProRelease|iPhoneSimulator.Build.0 = Release|Any CPU
		{9427CB6A-E738-418B-8BC2-87959C4B6C4D}.ProRelease|x64.ActiveCfg = Release|Any CPU
		{9427CB6A-E738-418B-8BC2-87959C4B6C4D}.ProRelease|x64.Build.0 = Release|Any CPU
		{9427CB6A-E738-418B-8BC2-87959C4B6C4D}.ProRelease|x86.ActiveCfg = Release|Any CPU
		{9427CB6A-E738-418B-8BC2-87959C4B6C4D}.ProRelease|x86.Build.0 = Release|Any CPU
		{9427CB6A-E738-418B-8BC2-87959C4B6C4D}.Release|Any CPU.ActiveCfg = Release|Any CPU
		{9427CB6A-E738-418B-8BC2-87959C4B6C4D}.Release|Any CPU.Build.0 = Release|Any CPU
		{9427CB6A-E738-418B-8BC2-87959C4B6C4D}.Release|ARM.ActiveCfg = Release|Any CPU
		{9427CB6A-E738-418B-8BC2-87959C4B6C4D}.Release|ARM.Build.0 = Release|Any CPU
		{9427CB6A-E738-418B-8BC2-87959C4B6C4D}.Release|iPhone.ActiveCfg = Release|Any CPU
		{9427CB6A-E738-418B-8BC2-87959C4B6C4D}.Release|iPhone.Build.0 = Release|Any CPU
		{9427CB6A-E738-418B-8BC2-87959C4B6C4D}.Release|iPhoneSimulator.ActiveCfg = Release|Any CPU
		{9427CB6A-E738-418B-8BC2-87959C4B6C4D}.Release|iPhoneSimulator.Build.0 = Release|Any CPU
		{9427CB6A-E738-418B-8BC2-87959C4B6C4D}.Release|x64.ActiveCfg = Release|Any CPU
		{9427CB6A-E738-418B-8BC2-87959C4B6C4D}.Release|x64.Build.0 = Release|Any CPU
		{9427CB6A-E738-418B-8BC2-87959C4B6C4D}.Release|x86.ActiveCfg = Release|Any CPU
		{9427CB6A-E738-418B-8BC2-87959C4B6C4D}.Release|x86.Build.0 = Release|Any CPU
		{983F3769-B3A2-4B20-B8F5-045007680CCD}.Debug|Any CPU.ActiveCfg = Debug|Any CPU
		{983F3769-B3A2-4B20-B8F5-045007680CCD}.Debug|Any CPU.Build.0 = Debug|Any CPU
		{983F3769-B3A2-4B20-B8F5-045007680CCD}.Debug|ARM.ActiveCfg = Debug|Any CPU
		{983F3769-B3A2-4B20-B8F5-045007680CCD}.Debug|ARM.Build.0 = Debug|Any CPU
		{983F3769-B3A2-4B20-B8F5-045007680CCD}.Debug|iPhone.ActiveCfg = Debug|Any CPU
		{983F3769-B3A2-4B20-B8F5-045007680CCD}.Debug|iPhone.Build.0 = Debug|Any CPU
		{983F3769-B3A2-4B20-B8F5-045007680CCD}.Debug|iPhoneSimulator.ActiveCfg = Debug|Any CPU
		{983F3769-B3A2-4B20-B8F5-045007680CCD}.Debug|iPhoneSimulator.Build.0 = Debug|Any CPU
		{983F3769-B3A2-4B20-B8F5-045007680CCD}.Debug|x64.ActiveCfg = Debug|Any CPU
		{983F3769-B3A2-4B20-B8F5-045007680CCD}.Debug|x64.Build.0 = Debug|Any CPU
		{983F3769-B3A2-4B20-B8F5-045007680CCD}.Debug|x86.ActiveCfg = Debug|Any CPU
		{983F3769-B3A2-4B20-B8F5-045007680CCD}.Debug|x86.Build.0 = Debug|Any CPU
		{983F3769-B3A2-4B20-B8F5-045007680CCD}.ProRelease|Any CPU.ActiveCfg = Release|Any CPU
		{983F3769-B3A2-4B20-B8F5-045007680CCD}.ProRelease|Any CPU.Build.0 = Release|Any CPU
		{983F3769-B3A2-4B20-B8F5-045007680CCD}.ProRelease|ARM.ActiveCfg = Release|Any CPU
		{983F3769-B3A2-4B20-B8F5-045007680CCD}.ProRelease|ARM.Build.0 = Release|Any CPU
		{983F3769-B3A2-4B20-B8F5-045007680CCD}.ProRelease|iPhone.ActiveCfg = Release|Any CPU
		{983F3769-B3A2-4B20-B8F5-045007680CCD}.ProRelease|iPhone.Build.0 = Release|Any CPU
		{983F3769-B3A2-4B20-B8F5-045007680CCD}.ProRelease|iPhoneSimulator.ActiveCfg = Release|Any CPU
		{983F3769-B3A2-4B20-B8F5-045007680CCD}.ProRelease|iPhoneSimulator.Build.0 = Release|Any CPU
		{983F3769-B3A2-4B20-B8F5-045007680CCD}.ProRelease|x64.ActiveCfg = Release|Any CPU
		{983F3769-B3A2-4B20-B8F5-045007680CCD}.ProRelease|x64.Build.0 = Release|Any CPU
		{983F3769-B3A2-4B20-B8F5-045007680CCD}.ProRelease|x86.ActiveCfg = Release|Any CPU
		{983F3769-B3A2-4B20-B8F5-045007680CCD}.ProRelease|x86.Build.0 = Release|Any CPU
		{983F3769-B3A2-4B20-B8F5-045007680CCD}.Release|Any CPU.ActiveCfg = Release|Any CPU
		{983F3769-B3A2-4B20-B8F5-045007680CCD}.Release|Any CPU.Build.0 = Release|Any CPU
		{983F3769-B3A2-4B20-B8F5-045007680CCD}.Release|ARM.ActiveCfg = Release|Any CPU
		{983F3769-B3A2-4B20-B8F5-045007680CCD}.Release|ARM.Build.0 = Release|Any CPU
		{983F3769-B3A2-4B20-B8F5-045007680CCD}.Release|iPhone.ActiveCfg = Release|Any CPU
		{983F3769-B3A2-4B20-B8F5-045007680CCD}.Release|iPhone.Build.0 = Release|Any CPU
		{983F3769-B3A2-4B20-B8F5-045007680CCD}.Release|iPhoneSimulator.ActiveCfg = Release|Any CPU
		{983F3769-B3A2-4B20-B8F5-045007680CCD}.Release|iPhoneSimulator.Build.0 = Release|Any CPU
		{983F3769-B3A2-4B20-B8F5-045007680CCD}.Release|x64.ActiveCfg = Release|Any CPU
		{983F3769-B3A2-4B20-B8F5-045007680CCD}.Release|x64.Build.0 = Release|Any CPU
		{983F3769-B3A2-4B20-B8F5-045007680CCD}.Release|x86.ActiveCfg = Release|Any CPU
		{983F3769-B3A2-4B20-B8F5-045007680CCD}.Release|x86.Build.0 = Release|Any CPU
		{64193ED8-32BA-4391-8C1A-1C33E31B70AB}.Debug|Any CPU.ActiveCfg = Debug|Any CPU
		{64193ED8-32BA-4391-8C1A-1C33E31B70AB}.Debug|Any CPU.Build.0 = Debug|Any CPU
		{64193ED8-32BA-4391-8C1A-1C33E31B70AB}.Debug|ARM.ActiveCfg = Debug|Any CPU
		{64193ED8-32BA-4391-8C1A-1C33E31B70AB}.Debug|ARM.Build.0 = Debug|Any CPU
		{64193ED8-32BA-4391-8C1A-1C33E31B70AB}.Debug|iPhone.ActiveCfg = Debug|Any CPU
		{64193ED8-32BA-4391-8C1A-1C33E31B70AB}.Debug|iPhone.Build.0 = Debug|Any CPU
		{64193ED8-32BA-4391-8C1A-1C33E31B70AB}.Debug|iPhoneSimulator.ActiveCfg = Debug|Any CPU
		{64193ED8-32BA-4391-8C1A-1C33E31B70AB}.Debug|iPhoneSimulator.Build.0 = Debug|Any CPU
		{64193ED8-32BA-4391-8C1A-1C33E31B70AB}.Debug|x64.ActiveCfg = Debug|Any CPU
		{64193ED8-32BA-4391-8C1A-1C33E31B70AB}.Debug|x64.Build.0 = Debug|Any CPU
		{64193ED8-32BA-4391-8C1A-1C33E31B70AB}.Debug|x86.ActiveCfg = Debug|Any CPU
		{64193ED8-32BA-4391-8C1A-1C33E31B70AB}.Debug|x86.Build.0 = Debug|Any CPU
		{64193ED8-32BA-4391-8C1A-1C33E31B70AB}.ProRelease|Any CPU.ActiveCfg = ProRelease|Any CPU
		{64193ED8-32BA-4391-8C1A-1C33E31B70AB}.ProRelease|Any CPU.Build.0 = ProRelease|Any CPU
		{64193ED8-32BA-4391-8C1A-1C33E31B70AB}.ProRelease|ARM.ActiveCfg = ProRelease|Any CPU
		{64193ED8-32BA-4391-8C1A-1C33E31B70AB}.ProRelease|ARM.Build.0 = ProRelease|Any CPU
		{64193ED8-32BA-4391-8C1A-1C33E31B70AB}.ProRelease|iPhone.ActiveCfg = ProRelease|Any CPU
		{64193ED8-32BA-4391-8C1A-1C33E31B70AB}.ProRelease|iPhone.Build.0 = ProRelease|Any CPU
		{64193ED8-32BA-4391-8C1A-1C33E31B70AB}.ProRelease|iPhoneSimulator.ActiveCfg = ProRelease|Any CPU
		{64193ED8-32BA-4391-8C1A-1C33E31B70AB}.ProRelease|iPhoneSimulator.Build.0 = ProRelease|Any CPU
		{64193ED8-32BA-4391-8C1A-1C33E31B70AB}.ProRelease|x64.ActiveCfg = ProRelease|Any CPU
		{64193ED8-32BA-4391-8C1A-1C33E31B70AB}.ProRelease|x64.Build.0 = ProRelease|Any CPU
		{64193ED8-32BA-4391-8C1A-1C33E31B70AB}.ProRelease|x86.ActiveCfg = ProRelease|Any CPU
		{64193ED8-32BA-4391-8C1A-1C33E31B70AB}.ProRelease|x86.Build.0 = ProRelease|Any CPU
		{64193ED8-32BA-4391-8C1A-1C33E31B70AB}.Release|Any CPU.ActiveCfg = Release|Any CPU
		{64193ED8-32BA-4391-8C1A-1C33E31B70AB}.Release|Any CPU.Build.0 = Release|Any CPU
		{64193ED8-32BA-4391-8C1A-1C33E31B70AB}.Release|ARM.ActiveCfg = Release|Any CPU
		{64193ED8-32BA-4391-8C1A-1C33E31B70AB}.Release|ARM.Build.0 = Release|Any CPU
		{64193ED8-32BA-4391-8C1A-1C33E31B70AB}.Release|iPhone.ActiveCfg = Release|Any CPU
		{64193ED8-32BA-4391-8C1A-1C33E31B70AB}.Release|iPhone.Build.0 = Release|Any CPU
		{64193ED8-32BA-4391-8C1A-1C33E31B70AB}.Release|iPhoneSimulator.ActiveCfg = Release|Any CPU
		{64193ED8-32BA-4391-8C1A-1C33E31B70AB}.Release|iPhoneSimulator.Build.0 = Release|Any CPU
		{64193ED8-32BA-4391-8C1A-1C33E31B70AB}.Release|x64.ActiveCfg = Release|Any CPU
		{64193ED8-32BA-4391-8C1A-1C33E31B70AB}.Release|x64.Build.0 = Release|Any CPU
		{64193ED8-32BA-4391-8C1A-1C33E31B70AB}.Release|x86.ActiveCfg = Release|Any CPU
		{64193ED8-32BA-4391-8C1A-1C33E31B70AB}.Release|x86.Build.0 = Release|Any CPU
		{8953A040-7B7D-47AC-B008-6FC39F94D41F}.Debug|Any CPU.ActiveCfg = Debug|Any CPU
		{8953A040-7B7D-47AC-B008-6FC39F94D41F}.Debug|Any CPU.Build.0 = Debug|Any CPU
		{8953A040-7B7D-47AC-B008-6FC39F94D41F}.Debug|ARM.ActiveCfg = Debug|Any CPU
		{8953A040-7B7D-47AC-B008-6FC39F94D41F}.Debug|ARM.Build.0 = Debug|Any CPU
		{8953A040-7B7D-47AC-B008-6FC39F94D41F}.Debug|iPhone.ActiveCfg = Debug|Any CPU
		{8953A040-7B7D-47AC-B008-6FC39F94D41F}.Debug|iPhone.Build.0 = Debug|Any CPU
		{8953A040-7B7D-47AC-B008-6FC39F94D41F}.Debug|iPhoneSimulator.ActiveCfg = Debug|Any CPU
		{8953A040-7B7D-47AC-B008-6FC39F94D41F}.Debug|iPhoneSimulator.Build.0 = Debug|Any CPU
		{8953A040-7B7D-47AC-B008-6FC39F94D41F}.Debug|x64.ActiveCfg = Debug|Any CPU
		{8953A040-7B7D-47AC-B008-6FC39F94D41F}.Debug|x64.Build.0 = Debug|Any CPU
		{8953A040-7B7D-47AC-B008-6FC39F94D41F}.Debug|x86.ActiveCfg = Debug|Any CPU
		{8953A040-7B7D-47AC-B008-6FC39F94D41F}.Debug|x86.Build.0 = Debug|Any CPU
		{8953A040-7B7D-47AC-B008-6FC39F94D41F}.ProRelease|Any CPU.ActiveCfg = Release|Any CPU
		{8953A040-7B7D-47AC-B008-6FC39F94D41F}.ProRelease|Any CPU.Build.0 = Release|Any CPU
		{8953A040-7B7D-47AC-B008-6FC39F94D41F}.ProRelease|ARM.ActiveCfg = Release|Any CPU
		{8953A040-7B7D-47AC-B008-6FC39F94D41F}.ProRelease|ARM.Build.0 = Release|Any CPU
		{8953A040-7B7D-47AC-B008-6FC39F94D41F}.ProRelease|iPhone.ActiveCfg = Release|Any CPU
		{8953A040-7B7D-47AC-B008-6FC39F94D41F}.ProRelease|iPhone.Build.0 = Release|Any CPU
		{8953A040-7B7D-47AC-B008-6FC39F94D41F}.ProRelease|iPhoneSimulator.ActiveCfg = Release|Any CPU
		{8953A040-7B7D-47AC-B008-6FC39F94D41F}.ProRelease|iPhoneSimulator.Build.0 = Release|Any CPU
		{8953A040-7B7D-47AC-B008-6FC39F94D41F}.ProRelease|x64.ActiveCfg = Release|Any CPU
		{8953A040-7B7D-47AC-B008-6FC39F94D41F}.ProRelease|x64.Build.0 = Release|Any CPU
		{8953A040-7B7D-47AC-B008-6FC39F94D41F}.ProRelease|x86.ActiveCfg = Release|Any CPU
		{8953A040-7B7D-47AC-B008-6FC39F94D41F}.ProRelease|x86.Build.0 = Release|Any CPU
		{8953A040-7B7D-47AC-B008-6FC39F94D41F}.Release|Any CPU.ActiveCfg = Release|Any CPU
		{8953A040-7B7D-47AC-B008-6FC39F94D41F}.Release|Any CPU.Build.0 = Release|Any CPU
		{8953A040-7B7D-47AC-B008-6FC39F94D41F}.Release|ARM.ActiveCfg = Release|Any CPU
		{8953A040-7B7D-47AC-B008-6FC39F94D41F}.Release|ARM.Build.0 = Release|Any CPU
		{8953A040-7B7D-47AC-B008-6FC39F94D41F}.Release|iPhone.ActiveCfg = Release|Any CPU
		{8953A040-7B7D-47AC-B008-6FC39F94D41F}.Release|iPhone.Build.0 = Release|Any CPU
		{8953A040-7B7D-47AC-B008-6FC39F94D41F}.Release|iPhoneSimulator.ActiveCfg = Release|Any CPU
		{8953A040-7B7D-47AC-B008-6FC39F94D41F}.Release|iPhoneSimulator.Build.0 = Release|Any CPU
		{8953A040-7B7D-47AC-B008-6FC39F94D41F}.Release|x64.ActiveCfg = Release|Any CPU
		{8953A040-7B7D-47AC-B008-6FC39F94D41F}.Release|x64.Build.0 = Release|Any CPU
		{8953A040-7B7D-47AC-B008-6FC39F94D41F}.Release|x86.ActiveCfg = Release|Any CPU
		{8953A040-7B7D-47AC-B008-6FC39F94D41F}.Release|x86.Build.0 = Release|Any CPU
	EndGlobalSection
	GlobalSection(SolutionProperties) = preSolution
		HideSolutionNode = FALSE
	EndGlobalSection
	GlobalSection(ExtensibilityGlobals) = postSolution
		SolutionGuid = {6DB814D8-53B9-4825-B858-FF2DC47A031B}
	EndGlobalSection
EndGlobal
