Microsoft Visual Studio Solution File, Format Version 12.00
# Visual Studio 15
VisualStudioVersion = 15.0.28010.2003
MinimumVisualStudioVersion = 10.0.40219.1
Project("{FAE04EC0-301F-11D3-BF4B-00C04F79EFBC}") = "BudgetBadger.iOS", "BudgetBadger.iOS\BudgetBadger.iOS.csproj", "{2E50A7AE-2225-4CC3-90FD-4277BE0C750C}"
EndProject
Project("{9A19103F-16F7-4668-BE54-9A1E7A4F7556}") = "BudgetBadger.Forms", "BudgetBadger.Forms\BudgetBadger.Forms.csproj", "{327130BA-71E2-40EF-867F-0A6AAEBDD44D}"
EndProject
Project("{9A19103F-16F7-4668-BE54-9A1E7A4F7556}") = "BudgetBadger.Models", "BudgetBadger.Models\BudgetBadger.Models.csproj", "{0D2FC756-AB4A-453F-971E-16F557836C9D}"
EndProject
Project("{9A19103F-16F7-4668-BE54-9A1E7A4F7556}") = "BudgetBadger.Core", "BudgetBadger.Core\BudgetBadger.Core.csproj", "{C43FB66D-8206-4566-83EA-E200DC5C572A}"
EndProject
Project("{9A19103F-16F7-4668-BE54-9A1E7A4F7556}") = "BudgetBadger.DataAccess.Sqlite", "BudgetBadger.DataAccess.Sqlite\BudgetBadger.DataAccess.Sqlite.csproj", "{5A00787F-8860-44C6-ABFD-647B994F4136}"
EndProject
Project("{9A19103F-16F7-4668-BE54-9A1E7A4F7556}") = "BudgetBadger.Logic", "BudgetBadger.Logic\BudgetBadger.Logic.csproj", "{BA6241F3-FE2D-4166-A017-DE1123B600D8}"
EndProject
Project("{FAE04EC0-301F-11D3-BF4B-00C04F79EFBC}") = "BudgetBadger.Droid", "BudgetBadger.Droid\BudgetBadger.Droid.csproj", "{67CA4746-C856-4E1D-AF4C-5BE921B16171}"
EndProject
Project("{FAE04EC0-301F-11D3-BF4B-00C04F79EFBC}") = "BudgetBadger.macOS", "BudgetBadger.macOS\BudgetBadger.macOS.csproj", "{81521E10-091F-4F77-A0D0-DAABFE290D23}"
EndProject
Project("{9A19103F-16F7-4668-BE54-9A1E7A4F7556}") = "BudgetBadger.UnitTests", "BudgetBadger.UnitTests\BudgetBadger.UnitTests.csproj", "{42DA3018-BE9B-4C99-8B39-1B3D53C81CE9}"
EndProject
Project("{9A19103F-16F7-4668-BE54-9A1E7A4F7556}") = "BudgetBadger.FileSyncProvider.Dropbox", "BudgetBadger.FileSyncProvider.Dropbox\BudgetBadger.FileSyncProvider.Dropbox.csproj", "{48C27882-CE6A-47F6-99E9-BFA11A23A402}"
EndProject
Project("{FAE04EC0-301F-11D3-BF4B-00C04F79EFBC}") = "BudgetBadger.UWP", "BudgetBadger.UWP\BudgetBadger.UWP.csproj", "{DC4CF62C-EEEF-4866-B069-7E46A53E2082}"
EndProject
Global
	GlobalSection(SolutionConfigurationPlatforms) = preSolution
		Debug|Any CPU = Debug|Any CPU
		Debug|ARM = Debug|ARM
		Debug|iPhone = Debug|iPhone
		Debug|iPhoneSimulator = Debug|iPhoneSimulator
		Debug|x64 = Debug|x64
		Debug|x86 = Debug|x86
		Release|Any CPU = Release|Any CPU
		Release|ARM = Release|ARM
		Release|iPhone = Release|iPhone
		Release|iPhoneSimulator = Release|iPhoneSimulator
		Release|x64 = Release|x64
		Release|x86 = Release|x86
	EndGlobalSection
	GlobalSection(ProjectConfigurationPlatforms) = postSolution
		{2E50A7AE-2225-4CC3-90FD-4277BE0C750C}.Debug|Any CPU.ActiveCfg = Debug|iPhoneSimulator
		{2E50A7AE-2225-4CC3-90FD-4277BE0C750C}.Debug|Any CPU.Build.0 = Debug|iPhoneSimulator
		{2E50A7AE-2225-4CC3-90FD-4277BE0C750C}.Debug|ARM.ActiveCfg = Debug|iPhone
		{2E50A7AE-2225-4CC3-90FD-4277BE0C750C}.Debug|iPhone.ActiveCfg = Debug|iPhone
		{2E50A7AE-2225-4CC3-90FD-4277BE0C750C}.Debug|iPhone.Build.0 = Debug|iPhone
		{2E50A7AE-2225-4CC3-90FD-4277BE0C750C}.Debug|iPhoneSimulator.ActiveCfg = Debug|iPhoneSimulator
		{2E50A7AE-2225-4CC3-90FD-4277BE0C750C}.Debug|iPhoneSimulator.Build.0 = Debug|iPhoneSimulator
		{2E50A7AE-2225-4CC3-90FD-4277BE0C750C}.Debug|x64.ActiveCfg = Debug|iPhone
		{2E50A7AE-2225-4CC3-90FD-4277BE0C750C}.Debug|x86.ActiveCfg = Debug|iPhone
		{2E50A7AE-2225-4CC3-90FD-4277BE0C750C}.Release|Any CPU.ActiveCfg = Release|iPhone
		{2E50A7AE-2225-4CC3-90FD-4277BE0C750C}.Release|Any CPU.Build.0 = Release|iPhone
		{2E50A7AE-2225-4CC3-90FD-4277BE0C750C}.Release|ARM.ActiveCfg = Release|iPhoneSimulator
		{2E50A7AE-2225-4CC3-90FD-4277BE0C750C}.Release|iPhone.ActiveCfg = Release|iPhone
		{2E50A7AE-2225-4CC3-90FD-4277BE0C750C}.Release|iPhone.Build.0 = Release|iPhone
		{2E50A7AE-2225-4CC3-90FD-4277BE0C750C}.Release|iPhoneSimulator.ActiveCfg = Release|iPhoneSimulator
		{2E50A7AE-2225-4CC3-90FD-4277BE0C750C}.Release|iPhoneSimulator.Build.0 = Release|iPhoneSimulator
		{2E50A7AE-2225-4CC3-90FD-4277BE0C750C}.Release|x64.ActiveCfg = Release|iPhoneSimulator
		{2E50A7AE-2225-4CC3-90FD-4277BE0C750C}.Release|x86.ActiveCfg = Release|iPhoneSimulator
		{327130BA-71E2-40EF-867F-0A6AAEBDD44D}.Debug|Any CPU.ActiveCfg = Debug|Any CPU
		{327130BA-71E2-40EF-867F-0A6AAEBDD44D}.Debug|Any CPU.Build.0 = Debug|Any CPU
		{327130BA-71E2-40EF-867F-0A6AAEBDD44D}.Debug|ARM.ActiveCfg = Debug|Any CPU
		{327130BA-71E2-40EF-867F-0A6AAEBDD44D}.Debug|ARM.Build.0 = Debug|Any CPU
		{327130BA-71E2-40EF-867F-0A6AAEBDD44D}.Debug|iPhone.ActiveCfg = Debug|Any CPU
		{327130BA-71E2-40EF-867F-0A6AAEBDD44D}.Debug|iPhone.Build.0 = Debug|Any CPU
		{327130BA-71E2-40EF-867F-0A6AAEBDD44D}.Debug|iPhoneSimulator.ActiveCfg = Debug|Any CPU
		{327130BA-71E2-40EF-867F-0A6AAEBDD44D}.Debug|iPhoneSimulator.Build.0 = Debug|Any CPU
		{327130BA-71E2-40EF-867F-0A6AAEBDD44D}.Debug|x64.ActiveCfg = Debug|Any CPU
		{327130BA-71E2-40EF-867F-0A6AAEBDD44D}.Debug|x64.Build.0 = Debug|Any CPU
		{327130BA-71E2-40EF-867F-0A6AAEBDD44D}.Debug|x86.ActiveCfg = Debug|Any CPU
		{327130BA-71E2-40EF-867F-0A6AAEBDD44D}.Debug|x86.Build.0 = Debug|Any CPU
		{327130BA-71E2-40EF-867F-0A6AAEBDD44D}.Release|Any CPU.ActiveCfg = Release|Any CPU
		{327130BA-71E2-40EF-867F-0A6AAEBDD44D}.Release|Any CPU.Build.0 = Release|Any CPU
		{327130BA-71E2-40EF-867F-0A6AAEBDD44D}.Release|ARM.ActiveCfg = Release|Any CPU
		{327130BA-71E2-40EF-867F-0A6AAEBDD44D}.Release|ARM.Build.0 = Release|Any CPU
		{327130BA-71E2-40EF-867F-0A6AAEBDD44D}.Release|iPhone.ActiveCfg = Release|Any CPU
		{327130BA-71E2-40EF-867F-0A6AAEBDD44D}.Release|iPhone.Build.0 = Release|Any CPU
		{327130BA-71E2-40EF-867F-0A6AAEBDD44D}.Release|iPhoneSimulator.ActiveCfg = Release|Any CPU
		{327130BA-71E2-40EF-867F-0A6AAEBDD44D}.Release|iPhoneSimulator.Build.0 = Release|Any CPU
		{327130BA-71E2-40EF-867F-0A6AAEBDD44D}.Release|x64.ActiveCfg = Release|Any CPU
		{327130BA-71E2-40EF-867F-0A6AAEBDD44D}.Release|x64.Build.0 = Release|Any CPU
		{327130BA-71E2-40EF-867F-0A6AAEBDD44D}.Release|x86.ActiveCfg = Release|Any CPU
		{327130BA-71E2-40EF-867F-0A6AAEBDD44D}.Release|x86.Build.0 = Release|Any CPU
		{0D2FC756-AB4A-453F-971E-16F557836C9D}.Debug|Any CPU.ActiveCfg = Debug|Any CPU
		{0D2FC756-AB4A-453F-971E-16F557836C9D}.Debug|Any CPU.Build.0 = Debug|Any CPU
		{0D2FC756-AB4A-453F-971E-16F557836C9D}.Debug|ARM.ActiveCfg = Debug|Any CPU
		{0D2FC756-AB4A-453F-971E-16F557836C9D}.Debug|ARM.Build.0 = Debug|Any CPU
		{0D2FC756-AB4A-453F-971E-16F557836C9D}.Debug|iPhone.ActiveCfg = Debug|Any CPU
		{0D2FC756-AB4A-453F-971E-16F557836C9D}.Debug|iPhone.Build.0 = Debug|Any CPU
		{0D2FC756-AB4A-453F-971E-16F557836C9D}.Debug|iPhoneSimulator.ActiveCfg = Debug|Any CPU
		{0D2FC756-AB4A-453F-971E-16F557836C9D}.Debug|iPhoneSimulator.Build.0 = Debug|Any CPU
		{0D2FC756-AB4A-453F-971E-16F557836C9D}.Debug|x64.ActiveCfg = Debug|Any CPU
		{0D2FC756-AB4A-453F-971E-16F557836C9D}.Debug|x64.Build.0 = Debug|Any CPU
		{0D2FC756-AB4A-453F-971E-16F557836C9D}.Debug|x86.ActiveCfg = Debug|Any CPU
		{0D2FC756-AB4A-453F-971E-16F557836C9D}.Debug|x86.Build.0 = Debug|Any CPU
		{0D2FC756-AB4A-453F-971E-16F557836C9D}.Release|Any CPU.ActiveCfg = Release|Any CPU
		{0D2FC756-AB4A-453F-971E-16F557836C9D}.Release|Any CPU.Build.0 = Release|Any CPU
		{0D2FC756-AB4A-453F-971E-16F557836C9D}.Release|ARM.ActiveCfg = Release|Any CPU
		{0D2FC756-AB4A-453F-971E-16F557836C9D}.Release|ARM.Build.0 = Release|Any CPU
		{0D2FC756-AB4A-453F-971E-16F557836C9D}.Release|iPhone.ActiveCfg = Release|Any CPU
		{0D2FC756-AB4A-453F-971E-16F557836C9D}.Release|iPhone.Build.0 = Release|Any CPU
		{0D2FC756-AB4A-453F-971E-16F557836C9D}.Release|iPhoneSimulator.ActiveCfg = Release|Any CPU
		{0D2FC756-AB4A-453F-971E-16F557836C9D}.Release|iPhoneSimulator.Build.0 = Release|Any CPU
		{0D2FC756-AB4A-453F-971E-16F557836C9D}.Release|x64.ActiveCfg = Release|Any CPU
		{0D2FC756-AB4A-453F-971E-16F557836C9D}.Release|x64.Build.0 = Release|Any CPU
		{0D2FC756-AB4A-453F-971E-16F557836C9D}.Release|x86.ActiveCfg = Release|Any CPU
		{0D2FC756-AB4A-453F-971E-16F557836C9D}.Release|x86.Build.0 = Release|Any CPU
		{C43FB66D-8206-4566-83EA-E200DC5C572A}.Debug|Any CPU.ActiveCfg = Debug|Any CPU
		{C43FB66D-8206-4566-83EA-E200DC5C572A}.Debug|Any CPU.Build.0 = Debug|Any CPU
		{C43FB66D-8206-4566-83EA-E200DC5C572A}.Debug|ARM.ActiveCfg = Debug|Any CPU
		{C43FB66D-8206-4566-83EA-E200DC5C572A}.Debug|ARM.Build.0 = Debug|Any CPU
		{C43FB66D-8206-4566-83EA-E200DC5C572A}.Debug|iPhone.ActiveCfg = Debug|Any CPU
		{C43FB66D-8206-4566-83EA-E200DC5C572A}.Debug|iPhone.Build.0 = Debug|Any CPU
		{C43FB66D-8206-4566-83EA-E200DC5C572A}.Debug|iPhoneSimulator.ActiveCfg = Debug|Any CPU
		{C43FB66D-8206-4566-83EA-E200DC5C572A}.Debug|iPhoneSimulator.Build.0 = Debug|Any CPU
		{C43FB66D-8206-4566-83EA-E200DC5C572A}.Debug|x64.ActiveCfg = Debug|Any CPU
		{C43FB66D-8206-4566-83EA-E200DC5C572A}.Debug|x64.Build.0 = Debug|Any CPU
		{C43FB66D-8206-4566-83EA-E200DC5C572A}.Debug|x86.ActiveCfg = Debug|Any CPU
		{C43FB66D-8206-4566-83EA-E200DC5C572A}.Debug|x86.Build.0 = Debug|Any CPU
		{C43FB66D-8206-4566-83EA-E200DC5C572A}.Release|Any CPU.ActiveCfg = Release|Any CPU
		{C43FB66D-8206-4566-83EA-E200DC5C572A}.Release|Any CPU.Build.0 = Release|Any CPU
		{C43FB66D-8206-4566-83EA-E200DC5C572A}.Release|ARM.ActiveCfg = Release|Any CPU
		{C43FB66D-8206-4566-83EA-E200DC5C572A}.Release|ARM.Build.0 = Release|Any CPU
		{C43FB66D-8206-4566-83EA-E200DC5C572A}.Release|iPhone.ActiveCfg = Release|Any CPU
		{C43FB66D-8206-4566-83EA-E200DC5C572A}.Release|iPhone.Build.0 = Release|Any CPU
		{C43FB66D-8206-4566-83EA-E200DC5C572A}.Release|iPhoneSimulator.ActiveCfg = Release|Any CPU
		{C43FB66D-8206-4566-83EA-E200DC5C572A}.Release|iPhoneSimulator.Build.0 = Release|Any CPU
		{C43FB66D-8206-4566-83EA-E200DC5C572A}.Release|x64.ActiveCfg = Release|Any CPU
		{C43FB66D-8206-4566-83EA-E200DC5C572A}.Release|x64.Build.0 = Release|Any CPU
		{C43FB66D-8206-4566-83EA-E200DC5C572A}.Release|x86.ActiveCfg = Release|Any CPU
		{C43FB66D-8206-4566-83EA-E200DC5C572A}.Release|x86.Build.0 = Release|Any CPU
		{5A00787F-8860-44C6-ABFD-647B994F4136}.Debug|Any CPU.ActiveCfg = Debug|Any CPU
		{5A00787F-8860-44C6-ABFD-647B994F4136}.Debug|Any CPU.Build.0 = Debug|Any CPU
		{5A00787F-8860-44C6-ABFD-647B994F4136}.Debug|ARM.ActiveCfg = Debug|Any CPU
		{5A00787F-8860-44C6-ABFD-647B994F4136}.Debug|ARM.Build.0 = Debug|Any CPU
		{5A00787F-8860-44C6-ABFD-647B994F4136}.Debug|iPhone.ActiveCfg = Debug|Any CPU
		{5A00787F-8860-44C6-ABFD-647B994F4136}.Debug|iPhone.Build.0 = Debug|Any CPU
		{5A00787F-8860-44C6-ABFD-647B994F4136}.Debug|iPhoneSimulator.ActiveCfg = Debug|Any CPU
		{5A00787F-8860-44C6-ABFD-647B994F4136}.Debug|iPhoneSimulator.Build.0 = Debug|Any CPU
		{5A00787F-8860-44C6-ABFD-647B994F4136}.Debug|x64.ActiveCfg = Debug|Any CPU
		{5A00787F-8860-44C6-ABFD-647B994F4136}.Debug|x64.Build.0 = Debug|Any CPU
		{5A00787F-8860-44C6-ABFD-647B994F4136}.Debug|x86.ActiveCfg = Debug|Any CPU
		{5A00787F-8860-44C6-ABFD-647B994F4136}.Debug|x86.Build.0 = Debug|Any CPU
		{5A00787F-8860-44C6-ABFD-647B994F4136}.Release|Any CPU.ActiveCfg = Release|Any CPU
		{5A00787F-8860-44C6-ABFD-647B994F4136}.Release|Any CPU.Build.0 = Release|Any CPU
		{5A00787F-8860-44C6-ABFD-647B994F4136}.Release|ARM.ActiveCfg = Release|Any CPU
		{5A00787F-8860-44C6-ABFD-647B994F4136}.Release|ARM.Build.0 = Release|Any CPU
		{5A00787F-8860-44C6-ABFD-647B994F4136}.Release|iPhone.ActiveCfg = Release|Any CPU
		{5A00787F-8860-44C6-ABFD-647B994F4136}.Release|iPhone.Build.0 = Release|Any CPU
		{5A00787F-8860-44C6-ABFD-647B994F4136}.Release|iPhoneSimulator.ActiveCfg = Release|Any CPU
		{5A00787F-8860-44C6-ABFD-647B994F4136}.Release|iPhoneSimulator.Build.0 = Release|Any CPU
		{5A00787F-8860-44C6-ABFD-647B994F4136}.Release|x64.ActiveCfg = Release|Any CPU
		{5A00787F-8860-44C6-ABFD-647B994F4136}.Release|x64.Build.0 = Release|Any CPU
		{5A00787F-8860-44C6-ABFD-647B994F4136}.Release|x86.ActiveCfg = Release|Any CPU
		{5A00787F-8860-44C6-ABFD-647B994F4136}.Release|x86.Build.0 = Release|Any CPU
		{BA6241F3-FE2D-4166-A017-DE1123B600D8}.Debug|Any CPU.ActiveCfg = Debug|Any CPU
		{BA6241F3-FE2D-4166-A017-DE1123B600D8}.Debug|Any CPU.Build.0 = Debug|Any CPU
		{BA6241F3-FE2D-4166-A017-DE1123B600D8}.Debug|ARM.ActiveCfg = Debug|Any CPU
		{BA6241F3-FE2D-4166-A017-DE1123B600D8}.Debug|ARM.Build.0 = Debug|Any CPU
		{BA6241F3-FE2D-4166-A017-DE1123B600D8}.Debug|iPhone.ActiveCfg = Debug|Any CPU
		{BA6241F3-FE2D-4166-A017-DE1123B600D8}.Debug|iPhone.Build.0 = Debug|Any CPU
		{BA6241F3-FE2D-4166-A017-DE1123B600D8}.Debug|iPhoneSimulator.ActiveCfg = Debug|Any CPU
		{BA6241F3-FE2D-4166-A017-DE1123B600D8}.Debug|iPhoneSimulator.Build.0 = Debug|Any CPU
		{BA6241F3-FE2D-4166-A017-DE1123B600D8}.Debug|x64.ActiveCfg = Debug|Any CPU
		{BA6241F3-FE2D-4166-A017-DE1123B600D8}.Debug|x64.Build.0 = Debug|Any CPU
		{BA6241F3-FE2D-4166-A017-DE1123B600D8}.Debug|x86.ActiveCfg = Debug|Any CPU
		{BA6241F3-FE2D-4166-A017-DE1123B600D8}.Debug|x86.Build.0 = Debug|Any CPU
		{BA6241F3-FE2D-4166-A017-DE1123B600D8}.Release|Any CPU.ActiveCfg = Release|Any CPU
		{BA6241F3-FE2D-4166-A017-DE1123B600D8}.Release|Any CPU.Build.0 = Release|Any CPU
		{BA6241F3-FE2D-4166-A017-DE1123B600D8}.Release|ARM.ActiveCfg = Release|Any CPU
		{BA6241F3-FE2D-4166-A017-DE1123B600D8}.Release|ARM.Build.0 = Release|Any CPU
		{BA6241F3-FE2D-4166-A017-DE1123B600D8}.Release|iPhone.ActiveCfg = Release|Any CPU
		{BA6241F3-FE2D-4166-A017-DE1123B600D8}.Release|iPhone.Build.0 = Release|Any CPU
		{BA6241F3-FE2D-4166-A017-DE1123B600D8}.Release|iPhoneSimulator.ActiveCfg = Release|Any CPU
		{BA6241F3-FE2D-4166-A017-DE1123B600D8}.Release|iPhoneSimulator.Build.0 = Release|Any CPU
		{BA6241F3-FE2D-4166-A017-DE1123B600D8}.Release|x64.ActiveCfg = Release|Any CPU
		{BA6241F3-FE2D-4166-A017-DE1123B600D8}.Release|x64.Build.0 = Release|Any CPU
		{BA6241F3-FE2D-4166-A017-DE1123B600D8}.Release|x86.ActiveCfg = Release|Any CPU
		{BA6241F3-FE2D-4166-A017-DE1123B600D8}.Release|x86.Build.0 = Release|Any CPU
		{67CA4746-C856-4E1D-AF4C-5BE921B16171}.Debug|Any CPU.ActiveCfg = Debug|Any CPU
		{67CA4746-C856-4E1D-AF4C-5BE921B16171}.Debug|Any CPU.Build.0 = Debug|Any CPU
		{67CA4746-C856-4E1D-AF4C-5BE921B16171}.Debug|ARM.ActiveCfg = Debug|Any CPU
		{67CA4746-C856-4E1D-AF4C-5BE921B16171}.Debug|ARM.Build.0 = Debug|Any CPU
		{67CA4746-C856-4E1D-AF4C-5BE921B16171}.Debug|ARM.Deploy.0 = Debug|Any CPU
		{67CA4746-C856-4E1D-AF4C-5BE921B16171}.Debug|iPhone.ActiveCfg = Debug|Any CPU
		{67CA4746-C856-4E1D-AF4C-5BE921B16171}.Debug|iPhone.Build.0 = Debug|Any CPU
		{67CA4746-C856-4E1D-AF4C-5BE921B16171}.Debug|iPhoneSimulator.ActiveCfg = Debug|Any CPU
		{67CA4746-C856-4E1D-AF4C-5BE921B16171}.Debug|iPhoneSimulator.Build.0 = Debug|Any CPU
		{67CA4746-C856-4E1D-AF4C-5BE921B16171}.Debug|x64.ActiveCfg = Debug|Any CPU
		{67CA4746-C856-4E1D-AF4C-5BE921B16171}.Debug|x64.Build.0 = Debug|Any CPU
		{67CA4746-C856-4E1D-AF4C-5BE921B16171}.Debug|x64.Deploy.0 = Debug|Any CPU
		{67CA4746-C856-4E1D-AF4C-5BE921B16171}.Debug|x86.ActiveCfg = Debug|Any CPU
		{67CA4746-C856-4E1D-AF4C-5BE921B16171}.Debug|x86.Build.0 = Debug|Any CPU
		{67CA4746-C856-4E1D-AF4C-5BE921B16171}.Debug|x86.Deploy.0 = Debug|Any CPU
		{67CA4746-C856-4E1D-AF4C-5BE921B16171}.Release|Any CPU.ActiveCfg = Release|Any CPU
		{67CA4746-C856-4E1D-AF4C-5BE921B16171}.Release|Any CPU.Build.0 = Release|Any CPU
		{67CA4746-C856-4E1D-AF4C-5BE921B16171}.Release|ARM.ActiveCfg = Release|Any CPU
		{67CA4746-C856-4E1D-AF4C-5BE921B16171}.Release|ARM.Build.0 = Release|Any CPU
		{67CA4746-C856-4E1D-AF4C-5BE921B16171}.Release|ARM.Deploy.0 = Release|Any CPU
		{67CA4746-C856-4E1D-AF4C-5BE921B16171}.Release|iPhone.ActiveCfg = Release|Any CPU
		{67CA4746-C856-4E1D-AF4C-5BE921B16171}.Release|iPhone.Build.0 = Release|Any CPU
		{67CA4746-C856-4E1D-AF4C-5BE921B16171}.Release|iPhoneSimulator.ActiveCfg = Release|Any CPU
		{67CA4746-C856-4E1D-AF4C-5BE921B16171}.Release|iPhoneSimulator.Build.0 = Release|Any CPU
		{67CA4746-C856-4E1D-AF4C-5BE921B16171}.Release|x64.ActiveCfg = Release|Any CPU
		{67CA4746-C856-4E1D-AF4C-5BE921B16171}.Release|x64.Build.0 = Release|Any CPU
		{67CA4746-C856-4E1D-AF4C-5BE921B16171}.Release|x64.Deploy.0 = Release|Any CPU
		{67CA4746-C856-4E1D-AF4C-5BE921B16171}.Release|x86.ActiveCfg = Release|Any CPU
		{67CA4746-C856-4E1D-AF4C-5BE921B16171}.Release|x86.Build.0 = Release|Any CPU
		{67CA4746-C856-4E1D-AF4C-5BE921B16171}.Release|x86.Deploy.0 = Release|Any CPU
		{81521E10-091F-4F77-A0D0-DAABFE290D23}.Debug|Any CPU.ActiveCfg = Debug|iPhoneSimulator
		{81521E10-091F-4F77-A0D0-DAABFE290D23}.Debug|Any CPU.Build.0 = Debug|iPhoneSimulator
		{81521E10-091F-4F77-A0D0-DAABFE290D23}.Debug|ARM.ActiveCfg = Debug|iPhoneSimulator
		{81521E10-091F-4F77-A0D0-DAABFE290D23}.Debug|iPhone.ActiveCfg = Debug|iPhoneSimulator
		{81521E10-091F-4F77-A0D0-DAABFE290D23}.Debug|iPhone.Build.0 = Debug|iPhoneSimulator
		{81521E10-091F-4F77-A0D0-DAABFE290D23}.Debug|iPhoneSimulator.ActiveCfg = Debug|iPhoneSimulator
		{81521E10-091F-4F77-A0D0-DAABFE290D23}.Debug|iPhoneSimulator.Build.0 = Debug|iPhoneSimulator
		{81521E10-091F-4F77-A0D0-DAABFE290D23}.Debug|x64.ActiveCfg = Debug|iPhoneSimulator
		{81521E10-091F-4F77-A0D0-DAABFE290D23}.Debug|x86.ActiveCfg = Debug|iPhoneSimulator
		{81521E10-091F-4F77-A0D0-DAABFE290D23}.Release|Any CPU.ActiveCfg = Release|iPhoneSimulator
		{81521E10-091F-4F77-A0D0-DAABFE290D23}.Release|Any CPU.Build.0 = Release|iPhoneSimulator
		{81521E10-091F-4F77-A0D0-DAABFE290D23}.Release|ARM.ActiveCfg = Release|iPhoneSimulator
		{81521E10-091F-4F77-A0D0-DAABFE290D23}.Release|iPhone.ActiveCfg = Release|iPhoneSimulator
		{81521E10-091F-4F77-A0D0-DAABFE290D23}.Release|iPhone.Build.0 = Release|iPhoneSimulator
		{81521E10-091F-4F77-A0D0-DAABFE290D23}.Release|iPhoneSimulator.ActiveCfg = Release|iPhoneSimulator
		{81521E10-091F-4F77-A0D0-DAABFE290D23}.Release|iPhoneSimulator.Build.0 = Release|iPhoneSimulator
		{81521E10-091F-4F77-A0D0-DAABFE290D23}.Release|x64.ActiveCfg = Release|iPhoneSimulator
		{81521E10-091F-4F77-A0D0-DAABFE290D23}.Release|x86.ActiveCfg = Release|iPhoneSimulator
		{42DA3018-BE9B-4C99-8B39-1B3D53C81CE9}.Debug|Any CPU.ActiveCfg = Debug|Any CPU
		{42DA3018-BE9B-4C99-8B39-1B3D53C81CE9}.Debug|Any CPU.Build.0 = Debug|Any CPU
		{42DA3018-BE9B-4C99-8B39-1B3D53C81CE9}.Debug|ARM.ActiveCfg = Debug|Any CPU
		{42DA3018-BE9B-4C99-8B39-1B3D53C81CE9}.Debug|ARM.Build.0 = Debug|Any CPU
		{42DA3018-BE9B-4C99-8B39-1B3D53C81CE9}.Debug|iPhone.ActiveCfg = Debug|Any CPU
		{42DA3018-BE9B-4C99-8B39-1B3D53C81CE9}.Debug|iPhone.Build.0 = Debug|Any CPU
		{42DA3018-BE9B-4C99-8B39-1B3D53C81CE9}.Debug|iPhoneSimulator.ActiveCfg = Debug|Any CPU
		{42DA3018-BE9B-4C99-8B39-1B3D53C81CE9}.Debug|iPhoneSimulator.Build.0 = Debug|Any CPU
		{42DA3018-BE9B-4C99-8B39-1B3D53C81CE9}.Debug|x64.ActiveCfg = Debug|Any CPU
		{42DA3018-BE9B-4C99-8B39-1B3D53C81CE9}.Debug|x64.Build.0 = Debug|Any CPU
		{42DA3018-BE9B-4C99-8B39-1B3D53C81CE9}.Debug|x86.ActiveCfg = Debug|Any CPU
		{42DA3018-BE9B-4C99-8B39-1B3D53C81CE9}.Debug|x86.Build.0 = Debug|Any CPU
		{42DA3018-BE9B-4C99-8B39-1B3D53C81CE9}.Release|Any CPU.ActiveCfg = Release|Any CPU
		{42DA3018-BE9B-4C99-8B39-1B3D53C81CE9}.Release|Any CPU.Build.0 = Release|Any CPU
		{42DA3018-BE9B-4C99-8B39-1B3D53C81CE9}.Release|ARM.ActiveCfg = Release|Any CPU
		{42DA3018-BE9B-4C99-8B39-1B3D53C81CE9}.Release|ARM.Build.0 = Release|Any CPU
		{42DA3018-BE9B-4C99-8B39-1B3D53C81CE9}.Release|iPhone.ActiveCfg = Release|Any CPU
		{42DA3018-BE9B-4C99-8B39-1B3D53C81CE9}.Release|iPhone.Build.0 = Release|Any CPU
		{42DA3018-BE9B-4C99-8B39-1B3D53C81CE9}.Release|iPhoneSimulator.ActiveCfg = Release|Any CPU
		{42DA3018-BE9B-4C99-8B39-1B3D53C81CE9}.Release|iPhoneSimulator.Build.0 = Release|Any CPU
		{42DA3018-BE9B-4C99-8B39-1B3D53C81CE9}.Release|x64.ActiveCfg = Release|Any CPU
		{42DA3018-BE9B-4C99-8B39-1B3D53C81CE9}.Release|x64.Build.0 = Release|Any CPU
		{42DA3018-BE9B-4C99-8B39-1B3D53C81CE9}.Release|x86.ActiveCfg = Release|Any CPU
		{42DA3018-BE9B-4C99-8B39-1B3D53C81CE9}.Release|x86.Build.0 = Release|Any CPU
		{48C27882-CE6A-47F6-99E9-BFA11A23A402}.Debug|Any CPU.ActiveCfg = Debug|Any CPU
		{48C27882-CE6A-47F6-99E9-BFA11A23A402}.Debug|Any CPU.Build.0 = Debug|Any CPU
		{48C27882-CE6A-47F6-99E9-BFA11A23A402}.Debug|ARM.ActiveCfg = Debug|Any CPU
		{48C27882-CE6A-47F6-99E9-BFA11A23A402}.Debug|ARM.Build.0 = Debug|Any CPU
		{48C27882-CE6A-47F6-99E9-BFA11A23A402}.Debug|iPhone.ActiveCfg = Debug|Any CPU
		{48C27882-CE6A-47F6-99E9-BFA11A23A402}.Debug|iPhone.Build.0 = Debug|Any CPU
		{48C27882-CE6A-47F6-99E9-BFA11A23A402}.Debug|iPhoneSimulator.ActiveCfg = Debug|Any CPU
		{48C27882-CE6A-47F6-99E9-BFA11A23A402}.Debug|iPhoneSimulator.Build.0 = Debug|Any CPU
		{48C27882-CE6A-47F6-99E9-BFA11A23A402}.Debug|x64.ActiveCfg = Debug|Any CPU
		{48C27882-CE6A-47F6-99E9-BFA11A23A402}.Debug|x64.Build.0 = Debug|Any CPU
		{48C27882-CE6A-47F6-99E9-BFA11A23A402}.Debug|x86.ActiveCfg = Debug|Any CPU
		{48C27882-CE6A-47F6-99E9-BFA11A23A402}.Debug|x86.Build.0 = Debug|Any CPU
		{48C27882-CE6A-47F6-99E9-BFA11A23A402}.Release|Any CPU.ActiveCfg = Release|Any CPU
		{48C27882-CE6A-47F6-99E9-BFA11A23A402}.Release|Any CPU.Build.0 = Release|Any CPU
		{48C27882-CE6A-47F6-99E9-BFA11A23A402}.Release|ARM.ActiveCfg = Release|Any CPU
		{48C27882-CE6A-47F6-99E9-BFA11A23A402}.Release|ARM.Build.0 = Release|Any CPU
		{48C27882-CE6A-47F6-99E9-BFA11A23A402}.Release|iPhone.ActiveCfg = Release|Any CPU
		{48C27882-CE6A-47F6-99E9-BFA11A23A402}.Release|iPhone.Build.0 = Release|Any CPU
		{48C27882-CE6A-47F6-99E9-BFA11A23A402}.Release|iPhoneSimulator.ActiveCfg = Release|Any CPU
		{48C27882-CE6A-47F6-99E9-BFA11A23A402}.Release|iPhoneSimulator.Build.0 = Release|Any CPU
		{48C27882-CE6A-47F6-99E9-BFA11A23A402}.Release|x64.ActiveCfg = Release|Any CPU
		{48C27882-CE6A-47F6-99E9-BFA11A23A402}.Release|x64.Build.0 = Release|Any CPU
		{48C27882-CE6A-47F6-99E9-BFA11A23A402}.Release|x86.ActiveCfg = Release|Any CPU
		{48C27882-CE6A-47F6-99E9-BFA11A23A402}.Release|x86.Build.0 = Release|Any CPU
		{DC4CF62C-EEEF-4866-B069-7E46A53E2082}.Debug|Any CPU.ActiveCfg = Debug|x86
		{DC4CF62C-EEEF-4866-B069-7E46A53E2082}.Debug|ARM.ActiveCfg = Debug|ARM
		{DC4CF62C-EEEF-4866-B069-7E46A53E2082}.Debug|ARM.Build.0 = Debug|ARM
		{DC4CF62C-EEEF-4866-B069-7E46A53E2082}.Debug|ARM.Deploy.0 = Debug|ARM
		{DC4CF62C-EEEF-4866-B069-7E46A53E2082}.Debug|iPhone.ActiveCfg = Debug|x86
		{DC4CF62C-EEEF-4866-B069-7E46A53E2082}.Debug|iPhoneSimulator.ActiveCfg = Debug|x86
		{DC4CF62C-EEEF-4866-B069-7E46A53E2082}.Debug|iPhoneSimulator.Build.0 = Debug|x86
		{DC4CF62C-EEEF-4866-B069-7E46A53E2082}.Debug|iPhoneSimulator.Deploy.0 = Debug|x86
		{DC4CF62C-EEEF-4866-B069-7E46A53E2082}.Debug|x64.ActiveCfg = Debug|x64
		{DC4CF62C-EEEF-4866-B069-7E46A53E2082}.Debug|x64.Build.0 = Debug|x64
		{DC4CF62C-EEEF-4866-B069-7E46A53E2082}.Debug|x64.Deploy.0 = Debug|x64
		{DC4CF62C-EEEF-4866-B069-7E46A53E2082}.Debug|x86.ActiveCfg = Debug|x86
		{DC4CF62C-EEEF-4866-B069-7E46A53E2082}.Debug|x86.Build.0 = Debug|x86
		{DC4CF62C-EEEF-4866-B069-7E46A53E2082}.Debug|x86.Deploy.0 = Debug|x86
		{DC4CF62C-EEEF-4866-B069-7E46A53E2082}.Release|Any CPU.ActiveCfg = Release|x86
		{DC4CF62C-EEEF-4866-B069-7E46A53E2082}.Release|ARM.ActiveCfg = Release|ARM
		{DC4CF62C-EEEF-4866-B069-7E46A53E2082}.Release|ARM.Build.0 = Release|ARM
		{DC4CF62C-EEEF-4866-B069-7E46A53E2082}.Release|ARM.Deploy.0 = Release|ARM
		{DC4CF62C-EEEF-4866-B069-7E46A53E2082}.Release|iPhone.ActiveCfg = Release|x86
		{DC4CF62C-EEEF-4866-B069-7E46A53E2082}.Release|iPhoneSimulator.ActiveCfg = Release|x86
		{DC4CF62C-EEEF-4866-B069-7E46A53E2082}.Release|x64.ActiveCfg = Release|x64
		{DC4CF62C-EEEF-4866-B069-7E46A53E2082}.Release|x64.Build.0 = Release|x64
		{DC4CF62C-EEEF-4866-B069-7E46A53E2082}.Release|x64.Deploy.0 = Release|x64
		{DC4CF62C-EEEF-4866-B069-7E46A53E2082}.Release|x86.ActiveCfg = Release|x86
		{DC4CF62C-EEEF-4866-B069-7E46A53E2082}.Release|x86.Build.0 = Release|x86
		{DC4CF62C-EEEF-4866-B069-7E46A53E2082}.Release|x86.Deploy.0 = Release|x86
	EndGlobalSection
	GlobalSection(SolutionProperties) = preSolution
		HideSolutionNode = FALSE
	EndGlobalSection
	GlobalSection(ExtensibilityGlobals) = postSolution
		SolutionGuid = {38BD9E4D-BB16-42F7-A5E5-B8AA2A122A66}
	EndGlobalSection
EndGlobal
